PODS:
  - AFNetworking (1.3.4)
  - CommonUtils (1.0.0-beta4):
    - AFNetworking (~> 1.3.3)
    - CommonUtils/no-arc
  - CommonUtils/no-arc (1.0.0-beta4):
    - AFNetworking (~> 1.3.3)

DEPENDENCIES:
  - AFNetworking (~> 1.3.3)
  - CommonUtils (from `.`)

EXTERNAL SOURCES:
  CommonUtils:
    :path: .

SPEC CHECKSUMS:
  AFNetworking: 80c4e0652b08eb34e25b9c0ff3c82556fe5967b4
  CommonUtils: 247ceb61ae9d9ca3593bb312adb4903ed769a224

COCOAPODS: 0.33.1
