PODS:
  - AFNetworking (3.1.0):
    - AFNetworking/NSURLSession (= 3.1.0)
    - AFNetworking/Reachability (= 3.1.0)
    - AFNetworking/Security (= 3.1.0)
    - AFNetworking/Serialization (= 3.1.0)
    - AFNetworking/UIKit (= 3.1.0)
  - AFNetworking/NSURLSession (3.1.0):
    - AFNetworking/Reachability
    - AFNetworking/Security
    - AFNetworking/Serialization
  - AFNetworking/Reachability (3.1.0)
  - AFNetworking/Security (3.1.0)
  - AFNetworking/Serialization (3.1.0)
  - AFNetworking/UIKit (3.1.0):
    - AFNetworking/NSURLSession
  - Appirater (2.0.5)
  - Canvas (0.1.2)
  - CommonUtils (1.6.0-beta12):
    - AFNetworking
    - Canvas
    - CommonUtils/no-arc (= 1.6.0-beta12)
    - CommonUtils/PublicHeaders (= 1.6.0-beta12)
    - DateTools
    - FastImageCache
  - CommonUtils/no-arc (1.6.0-beta12):
    - AFNetworking
    - Canvas
    - DateTools
    - FastImageCache
  - CommonUtils/PublicHeaders (1.6.0-beta12):
    - AFNetworking
    - Canvas
    - DateTools
    - FastImageCache
  - DateTools (1.7.0)
  - FastImageCache (1.5.1)

DEPENDENCIES:
  - Appirater
  - CommonUtils (from `.`)

EXTERNAL SOURCES:
  CommonUtils:
    :path: .

SPEC CHECKSUMS:
  AFNetworking: 5e0e199f73d8626b11e79750991f5d173d1f8b67
  Appirater: e7c0a47fb67ee5041ce8479e6ba960927fb40264
  Canvas: eb861e3b555d032648146c8ffda1a5dea40059ca
  CommonUtils: 6479cdba0134481474ddd9ee6185d04670d7e8bb
  DateTools: 53288ee8b905fdc75897a1e6b5cc0144b14cba60
  FastImageCache: 2e7a6f677b15336eb3d1a4092a494676256c891d

PODFILE CHECKSUM: f9f9d6baad31f4a3b99969b76c637831e49a793f

COCOAPODS: 1.0.1
