PODS:
  - AFNetworking (2.5.2):
    - AFNetworking/NSURLConnection (= 2.5.2)
    - AFNetworking/NSURLSession (= 2.5.2)
    - AFNetworking/Reachability (= 2.5.2)
    - AFNetworking/Security (= 2.5.2)
    - AFNetworking/Serialization (= 2.5.2)
    - AFNetworking/UIKit (= 2.5.2)
  - AFNetworking/NSURLConnection (2.5.2):
    - AFNetworking/Reachability
    - AFNetworking/Security
    - AFNetworking/Serialization
  - AFNetworking/NSURLSession (2.5.2):
    - AFNetworking/Reachability
    - AFNetworking/Security
    - AFNetworking/Serialization
  - AFNetworking/Reachability (2.5.2)
  - AFNetworking/Security (2.5.2)
  - AFNetworking/Serialization (2.5.2)
  - AFNetworking/UIKit (2.5.2):
    - AFNetworking/NSURLConnection
    - AFNetworking/NSURLSession
  - Appirater (2.0.4)
  - Canvas (0.1.2)
  - CommonUtils (1.4.73):
    - AFNetworking
    - Canvas
    - CommonUtils/no-arc (= 1.4.73)
  - CommonUtils/no-arc (1.4.73):
    - AFNetworking
    - Canvas

DEPENDENCIES:
  - Appirater
  - CommonUtils (from `.`)

EXTERNAL SOURCES:
  CommonUtils:
    :path: .

SPEC CHECKSUMS:
  AFNetworking: fefbce9660acb17f48ae0011292d4da0f457bf36
  Appirater: 8783318c36414e8de3ea023443028df94c1b784b
  Canvas: eb861e3b555d032648146c8ffda1a5dea40059ca
  CommonUtils: 09b309a5df4c72ebede525f37cb4af8c8859dcac

COCOAPODS: 0.35.0
