// !$*UTF8*$!
{
	archiveVersion = 1;
	classes = {
	};
	objectVersion = 46;
	objects = {

/* Begin PBXBuildFile section */
		0562DFD0B35442A38D252468 /* libPods-CommonUtilsTest.a in Frameworks */ = {isa = PBXBuildFile; fileRef = BA801513D4DF4D82AFF30164 /* libPods-CommonUtilsTest.a */; };
		9C01923419D2E5D000E8E9E3 /* CommonBookViewController.xib in Resources */ = {isa = PBXBuildFile; fileRef = 9C01923319D2E5D000E8E9E3 /* CommonBookViewController.xib */; };
		9C06AD3A1ACBFD3E00B72F6C /* Main.storyboard in Resources */ = {isa = PBXBuildFile; fileRef = 9C06AD391ACBFD3E00B72F6C /* Main.storyboard */; };
		9C1191FA1A7BE033000B6090 /* ChildViewController.m in Sources */ = {isa = PBXBuildFile; fileRef = 9C1191F91A7BE033000B6090 /* ChildViewController.m */; };
		9C597DF319D1C71B000AE471 /* RDVKeyboardAvoidingScrollView.m in Sources */ = {isa = PBXBuildFile; fileRef = 9C597DF219D1C71B000AE471 /* RDVKeyboardAvoidingScrollView.m */; };
		9C72DF8919C719AB007E67A8 /* CommonBookContentViewController.m in Sources */ = {isa = PBXBuildFile; fileRef = 9C72DF8519C719AB007E67A8 /* CommonBookContentViewController.m */; };
		9C72DF8A19C719AB007E67A8 /* CommonBookContentViewController.xib in Resources */ = {isa = PBXBuildFile; fileRef = 9C72DF8619C719AB007E67A8 /* CommonBookContentViewController.xib */; };
		9C72DF8B19C719AB007E67A8 /* CommonBookViewController.m in Sources */ = {isa = PBXBuildFile; fileRef = 9C72DF8819C719AB007E67A8 /* CommonBookViewController.m */; };
		9C72DF9C19C71A90007E67A8 /* iPad_0.png in Resources */ = {isa = PBXBuildFile; fileRef = 9C72DF8D19C71A90007E67A8 /* iPad_0.png */; };
		9C72DF9D19C71A90007E67A8 /* iPad_1.png in Resources */ = {isa = PBXBuildFile; fileRef = 9C72DF8E19C71A90007E67A8 /* iPad_1.png */; };
		9C72DF9E19C71A90007E67A8 /* iPad_2.png in Resources */ = {isa = PBXBuildFile; fileRef = 9C72DF8F19C71A90007E67A8 /* iPad_2.png */; };
		9C72DF9F19C71A90007E67A8 /* iPad_3.png in Resources */ = {isa = PBXBuildFile; fileRef = 9C72DF9019C71A90007E67A8 /* iPad_3.png */; };
		9C72DFA019C71A90007E67A8 /* iPad_4.png in Resources */ = {isa = PBXBuildFile; fileRef = 9C72DF9119C71A90007E67A8 /* iPad_4.png */; };
		9C72DFA119C71A90007E67A8 /* iPad_5.png in Resources */ = {isa = PBXBuildFile; fileRef = 9C72DF9219C71A90007E67A8 /* iPad_5.png */; };
		9C72DFA219C71A90007E67A8 /* iPad_6.png in Resources */ = {isa = PBXBuildFile; fileRef = 9C72DF9319C71A90007E67A8 /* iPad_6.png */; };
		9C72DFA319C71A90007E67A8 /* iPhone_0.png in Resources */ = {isa = PBXBuildFile; fileRef = 9C72DF9519C71A90007E67A8 /* iPhone_0.png */; };
		9C72DFA419C71A90007E67A8 /* iPhone_1.png in Resources */ = {isa = PBXBuildFile; fileRef = 9C72DF9619C71A90007E67A8 /* iPhone_1.png */; };
		9C72DFA519C71A90007E67A8 /* iPhone_2.png in Resources */ = {isa = PBXBuildFile; fileRef = 9C72DF9719C71A90007E67A8 /* iPhone_2.png */; };
		9C72DFA619C71A90007E67A8 /* iPhone_3.png in Resources */ = {isa = PBXBuildFile; fileRef = 9C72DF9819C71A90007E67A8 /* iPhone_3.png */; };
		9C72DFA719C71A90007E67A8 /* iPhone_4.png in Resources */ = {isa = PBXBuildFile; fileRef = 9C72DF9919C71A90007E67A8 /* iPhone_4.png */; };
		9C72DFA819C71A90007E67A8 /* iPhone_5.png in Resources */ = {isa = PBXBuildFile; fileRef = 9C72DF9A19C71A90007E67A8 /* iPhone_5.png */; };
		9C72DFA919C71A90007E67A8 /* iPhone_6.png in Resources */ = {isa = PBXBuildFile; fileRef = 9C72DF9B19C71A90007E67A8 /* iPhone_6.png */; };
		9C75FC0F19CB3F7B004FA3C9 /* apple.png in Resources */ = {isa = PBXBuildFile; fileRef = 9C75FC0E19CB3F7B004FA3C9 /* apple.png */; };
		9C83F87619CB0E0400F150B4 /* CommonPickerViewController.m in Sources */ = {isa = PBXBuildFile; fileRef = 9C83F87519CB0E0400F150B4 /* CommonPickerViewController.m */; };
		9C83F87819CB0E3E00F150B4 /* CommonPickerViewController.xib in Resources */ = {isa = PBXBuildFile; fileRef = 9C83F87719CB0E3E00F150B4 /* CommonPickerViewController.xib */; };
		9C8A6AF919D17EE6000062F7 /* CommonKeyboardViewController.m in Sources */ = {isa = PBXBuildFile; fileRef = 9C8A6AF819D17EE6000062F7 /* CommonKeyboardViewController.m */; };
		9C8A6AFB19D17F01000062F7 /* CommonKeyboardViewController.xib in Resources */ = {isa = PBXBuildFile; fileRef = 9C8A6AFA19D17F01000062F7 /* CommonKeyboardViewController.xib */; };
		9CC719F61A1B5F4A00CC0DF2 /* CommonLogin.m in Sources */ = {isa = PBXBuildFile; fileRef = 9CC719EF1A1B5F4A00CC0DF2 /* CommonLogin.m */; };
		9CC719F71A1B5F4A00CC0DF2 /* SFLoginButtonCell.m in Sources */ = {isa = PBXBuildFile; fileRef = 9CC719F11A1B5F4A00CC0DF2 /* SFLoginButtonCell.m */; };
		9CC719F81A1B5F4A00CC0DF2 /* SFLoginButtonCell.xib in Resources */ = {isa = PBXBuildFile; fileRef = 9CC719F21A1B5F4A00CC0DF2 /* SFLoginButtonCell.xib */; };
		9CC719F91A1B5F4A00CC0DF2 /* SFLoginTextFieldCell.m in Sources */ = {isa = PBXBuildFile; fileRef = 9CC719F41A1B5F4A00CC0DF2 /* SFLoginTextFieldCell.m */; };
		9CC719FA1A1B5F4A00CC0DF2 /* SFLoginTextFieldCell.xib in Resources */ = {isa = PBXBuildFile; fileRef = 9CC719F51A1B5F4A00CC0DF2 /* SFLoginTextFieldCell.xib */; };
		9CC719FD1A1B5FA100CC0DF2 /* SFLoginCell.m in Sources */ = {isa = PBXBuildFile; fileRef = 9CC719FC1A1B5FA100CC0DF2 /* SFLoginCell.m */; };
		9CC831D419E2805B005A10A8 /* CommonProgressViewController.m in Sources */ = {isa = PBXBuildFile; fileRef = 9CC831D219E2805B005A10A8 /* CommonProgressViewController.m */; };
		9CC831D519E2805B005A10A8 /* CommonProgressViewController.xib in Resources */ = {isa = PBXBuildFile; fileRef = 9CC831D319E2805B005A10A8 /* CommonProgressViewController.xib */; };
		9CCDD9321A40462A0003EAF3 /* CommonBarcodeController.m in Sources */ = {isa = PBXBuildFile; fileRef = 9CCDD9301A40462A0003EAF3 /* CommonBarcodeController.m */; };
		9CCDD9331A40462A0003EAF3 /* CommonBarcodeController.xib in Resources */ = {isa = PBXBuildFile; fileRef = 9CCDD9311A40462A0003EAF3 /* CommonBarcodeController.xib */; };
		9CD9F79B196EA78500EBBD85 /* Foundation.framework in Frameworks */ = {isa = PBXBuildFile; fileRef = 9CD9F79A196EA78500EBBD85 /* Foundation.framework */; };
		9CD9F79D196EA78500EBBD85 /* CoreGraphics.framework in Frameworks */ = {isa = PBXBuildFile; fileRef = 9CD9F79C196EA78500EBBD85 /* CoreGraphics.framework */; };
		9CD9F79F196EA78500EBBD85 /* UIKit.framework in Frameworks */ = {isa = PBXBuildFile; fileRef = 9CD9F79E196EA78500EBBD85 /* UIKit.framework */; };
		9CD9F7F8196EA7D400EBBD85 /* AppDelegate.m in Sources */ = {isa = PBXBuildFile; fileRef = 9CD9F7D4196EA7D400EBBD85 /* AppDelegate.m */; };
		9CD9F7FB196EA7D400EBBD85 /* BaseViewController.m in Sources */ = {isa = PBXBuildFile; fileRef = 9CD9F7DD196EA7D400EBBD85 /* BaseViewController.m */; };
		9CD9F7FC196EA7D400EBBD85 /* HostViewController.m in Sources */ = {isa = PBXBuildFile; fileRef = 9CD9F7DF196EA7D400EBBD85 /* HostViewController.m */; };
		9CD9F7FD196EA7D400EBBD85 /* MainViewController.m in Sources */ = {isa = PBXBuildFile; fileRef = 9CD9F7E1196EA7D400EBBD85 /* MainViewController.m */; };
		9CD9F7FE196EA7D400EBBD85 /* MainViewController.xib in Resources */ = {isa = PBXBuildFile; fileRef = 9CD9F7E2196EA7D400EBBD85 /* MainViewController.xib */; };
		9CD9F7FF196EA7D400EBBD85 /* ModalViewController.m in Sources */ = {isa = PBXBuildFile; fileRef = 9CD9F7E4196EA7D400EBBD85 /* ModalViewController.m */; };
		9CD9F800196EA7D400EBBD85 /* ModalViewController.xib in Resources */ = {isa = PBXBuildFile; fileRef = 9CD9F7E5196EA7D400EBBD85 /* ModalViewController.xib */; };
		9CD9F801196EA7D400EBBD85 /* NavigationControllerController.m in Sources */ = {isa = PBXBuildFile; fileRef = 9CD9F7E7196EA7D400EBBD85 /* NavigationControllerController.m */; };
		9CD9F802196EA7D400EBBD85 /* CustomCell.m in Sources */ = {isa = PBXBuildFile; fileRef = 9CD9F7EA196EA7D400EBBD85 /* CustomCell.m */; };
		9CD9F803196EA7D400EBBD85 /* main.m in Sources */ = {isa = PBXBuildFile; fileRef = 9CD9F7EB196EA7D400EBBD85 /* main.m */; };
		9CD9F804196EA7D400EBBD85 /* ProgressViewController.m in Sources */ = {isa = PBXBuildFile; fileRef = 9CD9F7EE196EA7D400EBBD85 /* ProgressViewController.m */; };
		9CD9F805196EA7D400EBBD85 /* ProgressViewController.xib in Resources */ = {isa = PBXBuildFile; fileRef = 9CD9F7EF196EA7D400EBBD85 /* ProgressViewController.xib */; };
		9CD9F806196EA7D400EBBD85 /* FirstViewController.m in Sources */ = {isa = PBXBuildFile; fileRef = 9CD9F7F2196EA7D400EBBD85 /* FirstViewController.m */; };
		9CD9F807196EA7D400EBBD85 /* CustomSplitController.m in Sources */ = {isa = PBXBuildFile; fileRef = 9CD9F7F5196EA7D400EBBD85 /* CustomSplitController.m */; };
		9CD9F808196EA7D400EBBD85 /* TestViewController.m in Sources */ = {isa = PBXBuildFile; fileRef = 9CD9F7F7196EA7D400EBBD85 /* TestViewController.m */; };
		9CD9F811196EAA5500EBBD85 /* InfoPlist.strings in Resources */ = {isa = PBXBuildFile; fileRef = 9CD9F80C196EAA5500EBBD85 /* InfoPlist.strings */; };
		9CD9F812196EAA5500EBBD85 /* Images.xcassets in Resources */ = {isa = PBXBuildFile; fileRef = 9CD9F80E196EAA5500EBBD85 /* Images.xcassets */; };
		9CD9F813196EAA5500EBBD85 /* placeholder.png in Resources */ = {isa = PBXBuildFile; fileRef = 9CD9F80F196EAA5500EBBD85 /* placeholder.png */; };
		9CD9F814196EAA5500EBBD85 /* segmented.xcassets in Resources */ = {isa = PBXBuildFile; fileRef = 9CD9F810196EAA5500EBBD85 /* segmented.xcassets */; };
		9CEF22761A9F6B77009CF266 /* WeCanDoIt.png in Resources */ = {isa = PBXBuildFile; fileRef = 9CEF22751A9F6B77009CF266 /* WeCanDoIt.png */; };
		9CFCFD8D1A8E501900B847D2 /* CommonLoadingViewController.m in Sources */ = {isa = PBXBuildFile; fileRef = 9CFCFD8B1A8E501900B847D2 /* CommonLoadingViewController.m */; };
/* End PBXBuildFile section */

/* Begin PBXFileReference section */
		9C01923319D2E5D000E8E9E3 /* CommonBookViewController.xib */ = {isa = PBXFileReference; fileEncoding = 4; lastKnownFileType = file.xib; path = CommonBookViewController.xib; sourceTree = "<group>"; };
		9C06AD391ACBFD3E00B72F6C /* Main.storyboard */ = {isa = PBXFileReference; fileEncoding = 4; lastKnownFileType = file.storyboard; path = Main.storyboard; sourceTree = "<group>"; };
		9C1191F81A7BE033000B6090 /* ChildViewController.h */ = {isa = PBXFileReference; fileEncoding = 4; lastKnownFileType = sourcecode.c.h; path = ChildViewController.h; sourceTree = "<group>"; };
		9C1191F91A7BE033000B6090 /* ChildViewController.m */ = {isa = PBXFileReference; fileEncoding = 4; lastKnownFileType = sourcecode.c.objc; path = ChildViewController.m; sourceTree = "<group>"; };
		9C3297AC1A9DECFE00AFFBEA /* it */ = {isa = PBXFileReference; lastKnownFileType = text.plist.strings; name = it; path = it.lproj/InfoPlist.strings; sourceTree = "<group>"; };
		9C597DF119D1C71B000AE471 /* RDVKeyboardAvoidingScrollView.h */ = {isa = PBXFileReference; fileEncoding = 4; lastKnownFileType = sourcecode.c.h; path = RDVKeyboardAvoidingScrollView.h; sourceTree = "<group>"; };
		9C597DF219D1C71B000AE471 /* RDVKeyboardAvoidingScrollView.m */ = {isa = PBXFileReference; fileEncoding = 4; lastKnownFileType = sourcecode.c.objc; path = RDVKeyboardAvoidingScrollView.m; sourceTree = "<group>"; };
		9C72DF8419C719AB007E67A8 /* CommonBookContentViewController.h */ = {isa = PBXFileReference; fileEncoding = 4; lastKnownFileType = sourcecode.c.h; path = CommonBookContentViewController.h; sourceTree = "<group>"; };
		9C72DF8519C719AB007E67A8 /* CommonBookContentViewController.m */ = {isa = PBXFileReference; fileEncoding = 4; lastKnownFileType = sourcecode.c.objc; path = CommonBookContentViewController.m; sourceTree = "<group>"; };
		9C72DF8619C719AB007E67A8 /* CommonBookContentViewController.xib */ = {isa = PBXFileReference; fileEncoding = 4; lastKnownFileType = file.xib; path = CommonBookContentViewController.xib; sourceTree = "<group>"; };
		9C72DF8719C719AB007E67A8 /* CommonBookViewController.h */ = {isa = PBXFileReference; fileEncoding = 4; lastKnownFileType = sourcecode.c.h; path = CommonBookViewController.h; sourceTree = "<group>"; };
		9C72DF8819C719AB007E67A8 /* CommonBookViewController.m */ = {isa = PBXFileReference; fileEncoding = 4; lastKnownFileType = sourcecode.c.objc; path = CommonBookViewController.m; sourceTree = "<group>"; };
		9C72DF8D19C71A90007E67A8 /* iPad_0.png */ = {isa = PBXFileReference; lastKnownFileType = image.png; path = iPad_0.png; sourceTree = "<group>"; };
		9C72DF8E19C71A90007E67A8 /* iPad_1.png */ = {isa = PBXFileReference; lastKnownFileType = image.png; path = iPad_1.png; sourceTree = "<group>"; };
		9C72DF8F19C71A90007E67A8 /* iPad_2.png */ = {isa = PBXFileReference; lastKnownFileType = image.png; path = iPad_2.png; sourceTree = "<group>"; };
		9C72DF9019C71A90007E67A8 /* iPad_3.png */ = {isa = PBXFileReference; lastKnownFileType = image.png; path = iPad_3.png; sourceTree = "<group>"; };
		9C72DF9119C71A90007E67A8 /* iPad_4.png */ = {isa = PBXFileReference; lastKnownFileType = image.png; path = iPad_4.png; sourceTree = "<group>"; };
		9C72DF9219C71A90007E67A8 /* iPad_5.png */ = {isa = PBXFileReference; lastKnownFileType = image.png; path = iPad_5.png; sourceTree = "<group>"; };
		9C72DF9319C71A90007E67A8 /* iPad_6.png */ = {isa = PBXFileReference; lastKnownFileType = image.png; path = iPad_6.png; sourceTree = "<group>"; };
		9C72DF9519C71A90007E67A8 /* iPhone_0.png */ = {isa = PBXFileReference; lastKnownFileType = image.png; path = iPhone_0.png; sourceTree = "<group>"; };
		9C72DF9619C71A90007E67A8 /* iPhone_1.png */ = {isa = PBXFileReference; lastKnownFileType = image.png; path = iPhone_1.png; sourceTree = "<group>"; };
		9C72DF9719C71A90007E67A8 /* iPhone_2.png */ = {isa = PBXFileReference; lastKnownFileType = image.png; path = iPhone_2.png; sourceTree = "<group>"; };
		9C72DF9819C71A90007E67A8 /* iPhone_3.png */ = {isa = PBXFileReference; lastKnownFileType = image.png; path = iPhone_3.png; sourceTree = "<group>"; };
		9C72DF9919C71A90007E67A8 /* iPhone_4.png */ = {isa = PBXFileReference; lastKnownFileType = image.png; path = iPhone_4.png; sourceTree = "<group>"; };
		9C72DF9A19C71A90007E67A8 /* iPhone_5.png */ = {isa = PBXFileReference; lastKnownFileType = image.png; path = iPhone_5.png; sourceTree = "<group>"; };
		9C72DF9B19C71A90007E67A8 /* iPhone_6.png */ = {isa = PBXFileReference; lastKnownFileType = image.png; path = iPhone_6.png; sourceTree = "<group>"; };
		9C75FC0E19CB3F7B004FA3C9 /* apple.png */ = {isa = PBXFileReference; lastKnownFileType = image.png; path = apple.png; sourceTree = "<group>"; };
		9C83F87419CB0E0400F150B4 /* CommonPickerViewController.h */ = {isa = PBXFileReference; fileEncoding = 4; lastKnownFileType = sourcecode.c.h; path = CommonPickerViewController.h; sourceTree = "<group>"; };
		9C83F87519CB0E0400F150B4 /* CommonPickerViewController.m */ = {isa = PBXFileReference; fileEncoding = 4; lastKnownFileType = sourcecode.c.objc; path = CommonPickerViewController.m; sourceTree = "<group>"; };
		9C83F87719CB0E3E00F150B4 /* CommonPickerViewController.xib */ = {isa = PBXFileReference; fileEncoding = 4; lastKnownFileType = file.xib; path = CommonPickerViewController.xib; sourceTree = "<group>"; };
		9C8A6AF719D17EE6000062F7 /* CommonKeyboardViewController.h */ = {isa = PBXFileReference; fileEncoding = 4; lastKnownFileType = sourcecode.c.h; path = CommonKeyboardViewController.h; sourceTree = "<group>"; };
		9C8A6AF819D17EE6000062F7 /* CommonKeyboardViewController.m */ = {isa = PBXFileReference; fileEncoding = 4; lastKnownFileType = sourcecode.c.objc; path = CommonKeyboardViewController.m; sourceTree = "<group>"; };
		9C8A6AFA19D17F01000062F7 /* CommonKeyboardViewController.xib */ = {isa = PBXFileReference; fileEncoding = 4; lastKnownFileType = file.xib; path = CommonKeyboardViewController.xib; sourceTree = "<group>"; };
		9CC719EE1A1B5F4A00CC0DF2 /* CommonLogin.h */ = {isa = PBXFileReference; fileEncoding = 4; lastKnownFileType = sourcecode.c.h; path = CommonLogin.h; sourceTree = "<group>"; };
		9CC719EF1A1B5F4A00CC0DF2 /* CommonLogin.m */ = {isa = PBXFileReference; fileEncoding = 4; lastKnownFileType = sourcecode.c.objc; path = CommonLogin.m; sourceTree = "<group>"; };
		9CC719F01A1B5F4A00CC0DF2 /* SFLoginButtonCell.h */ = {isa = PBXFileReference; fileEncoding = 4; lastKnownFileType = sourcecode.c.h; path = SFLoginButtonCell.h; sourceTree = "<group>"; };
		9CC719F11A1B5F4A00CC0DF2 /* SFLoginButtonCell.m */ = {isa = PBXFileReference; fileEncoding = 4; lastKnownFileType = sourcecode.c.objc; path = SFLoginButtonCell.m; sourceTree = "<group>"; };
		9CC719F21A1B5F4A00CC0DF2 /* SFLoginButtonCell.xib */ = {isa = PBXFileReference; fileEncoding = 4; lastKnownFileType = file.xib; path = SFLoginButtonCell.xib; sourceTree = "<group>"; };
		9CC719F31A1B5F4A00CC0DF2 /* SFLoginTextFieldCell.h */ = {isa = PBXFileReference; fileEncoding = 4; lastKnownFileType = sourcecode.c.h; path = SFLoginTextFieldCell.h; sourceTree = "<group>"; };
		9CC719F41A1B5F4A00CC0DF2 /* SFLoginTextFieldCell.m */ = {isa = PBXFileReference; fileEncoding = 4; lastKnownFileType = sourcecode.c.objc; path = SFLoginTextFieldCell.m; sourceTree = "<group>"; };
		9CC719F51A1B5F4A00CC0DF2 /* SFLoginTextFieldCell.xib */ = {isa = PBXFileReference; fileEncoding = 4; lastKnownFileType = file.xib; path = SFLoginTextFieldCell.xib; sourceTree = "<group>"; };
		9CC719FB1A1B5FA100CC0DF2 /* SFLoginCell.h */ = {isa = PBXFileReference; fileEncoding = 4; lastKnownFileType = sourcecode.c.h; path = SFLoginCell.h; sourceTree = "<group>"; };
		9CC719FC1A1B5FA100CC0DF2 /* SFLoginCell.m */ = {isa = PBXFileReference; fileEncoding = 4; lastKnownFileType = sourcecode.c.objc; path = SFLoginCell.m; sourceTree = "<group>"; };
		9CC831D119E2805B005A10A8 /* CommonProgressViewController.h */ = {isa = PBXFileReference; fileEncoding = 4; lastKnownFileType = sourcecode.c.h; path = CommonProgressViewController.h; sourceTree = "<group>"; };
		9CC831D219E2805B005A10A8 /* CommonProgressViewController.m */ = {isa = PBXFileReference; fileEncoding = 4; lastKnownFileType = sourcecode.c.objc; path = CommonProgressViewController.m; sourceTree = "<group>"; };
		9CC831D319E2805B005A10A8 /* CommonProgressViewController.xib */ = {isa = PBXFileReference; fileEncoding = 4; lastKnownFileType = file.xib; path = CommonProgressViewController.xib; sourceTree = "<group>"; };
		9CCDD92F1A40462A0003EAF3 /* CommonBarcodeController.h */ = {isa = PBXFileReference; fileEncoding = 4; lastKnownFileType = sourcecode.c.h; path = CommonBarcodeController.h; sourceTree = "<group>"; };
		9CCDD9301A40462A0003EAF3 /* CommonBarcodeController.m */ = {isa = PBXFileReference; fileEncoding = 4; lastKnownFileType = sourcecode.c.objc; path = CommonBarcodeController.m; sourceTree = "<group>"; };
		9CCDD9311A40462A0003EAF3 /* CommonBarcodeController.xib */ = {isa = PBXFileReference; fileEncoding = 4; lastKnownFileType = file.xib; path = CommonBarcodeController.xib; sourceTree = "<group>"; };
		9CD9F797196EA78500EBBD85 /* CommonUtilsTest.app */ = {isa = PBXFileReference; explicitFileType = wrapper.application; includeInIndex = 0; path = CommonUtilsTest.app; sourceTree = BUILT_PRODUCTS_DIR; };
		9CD9F79A196EA78500EBBD85 /* Foundation.framework */ = {isa = PBXFileReference; lastKnownFileType = wrapper.framework; name = Foundation.framework; path = System/Library/Frameworks/Foundation.framework; sourceTree = SDKROOT; };
		9CD9F79C196EA78500EBBD85 /* CoreGraphics.framework */ = {isa = PBXFileReference; lastKnownFileType = wrapper.framework; name = CoreGraphics.framework; path = System/Library/Frameworks/CoreGraphics.framework; sourceTree = SDKROOT; };
		9CD9F79E196EA78500EBBD85 /* UIKit.framework */ = {isa = PBXFileReference; lastKnownFileType = wrapper.framework; name = UIKit.framework; path = System/Library/Frameworks/UIKit.framework; sourceTree = SDKROOT; };
		9CD9F7A2196EA78500EBBD85 /* CommonUtilsTest-Info.plist */ = {isa = PBXFileReference; lastKnownFileType = text.plist.xml; path = "CommonUtilsTest-Info.plist"; sourceTree = "<group>"; };
		9CD9F7A8196EA78500EBBD85 /* CommonUtilsTest-Prefix.pch */ = {isa = PBXFileReference; lastKnownFileType = sourcecode.c.h; path = "CommonUtilsTest-Prefix.pch"; sourceTree = "<group>"; };
		9CD9F7BC196EA78500EBBD85 /* XCTest.framework */ = {isa = PBXFileReference; lastKnownFileType = wrapper.framework; name = XCTest.framework; path = Library/Frameworks/XCTest.framework; sourceTree = DEVELOPER_DIR; };
		9CD9F7D3196EA7D400EBBD85 /* AppDelegate.h */ = {isa = PBXFileReference; fileEncoding = 4; lastKnownFileType = sourcecode.c.h; path = AppDelegate.h; sourceTree = "<group>"; };
		9CD9F7D4196EA7D400EBBD85 /* AppDelegate.m */ = {isa = PBXFileReference; fileEncoding = 4; lastKnownFileType = sourcecode.c.objc; path = AppDelegate.m; sourceTree = "<group>"; };
		9CD9F7DC196EA7D400EBBD85 /* BaseViewController.h */ = {isa = PBXFileReference; fileEncoding = 4; lastKnownFileType = sourcecode.c.h; path = BaseViewController.h; sourceTree = "<group>"; };
		9CD9F7DD196EA7D400EBBD85 /* BaseViewController.m */ = {isa = PBXFileReference; fileEncoding = 4; lastKnownFileType = sourcecode.c.objc; path = BaseViewController.m; sourceTree = "<group>"; };
		9CD9F7DE196EA7D400EBBD85 /* HostViewController.h */ = {isa = PBXFileReference; fileEncoding = 4; lastKnownFileType = sourcecode.c.h; path = HostViewController.h; sourceTree = "<group>"; };
		9CD9F7DF196EA7D400EBBD85 /* HostViewController.m */ = {isa = PBXFileReference; fileEncoding = 4; lastKnownFileType = sourcecode.c.objc; path = HostViewController.m; sourceTree = "<group>"; };
		9CD9F7E0196EA7D400EBBD85 /* MainViewController.h */ = {isa = PBXFileReference; fileEncoding = 4; lastKnownFileType = sourcecode.c.h; path = MainViewController.h; sourceTree = "<group>"; };
		9CD9F7E1196EA7D400EBBD85 /* MainViewController.m */ = {isa = PBXFileReference; fileEncoding = 4; lastKnownFileType = sourcecode.c.objc; path = MainViewController.m; sourceTree = "<group>"; };
		9CD9F7E2196EA7D400EBBD85 /* MainViewController.xib */ = {isa = PBXFileReference; fileEncoding = 4; lastKnownFileType = file.xib; path = MainViewController.xib; sourceTree = "<group>"; };
		9CD9F7E3196EA7D400EBBD85 /* ModalViewController.h */ = {isa = PBXFileReference; fileEncoding = 4; lastKnownFileType = sourcecode.c.h; path = ModalViewController.h; sourceTree = "<group>"; };
		9CD9F7E4196EA7D400EBBD85 /* ModalViewController.m */ = {isa = PBXFileReference; fileEncoding = 4; lastKnownFileType = sourcecode.c.objc; path = ModalViewController.m; sourceTree = "<group>"; };
		9CD9F7E5196EA7D400EBBD85 /* ModalViewController.xib */ = {isa = PBXFileReference; fileEncoding = 4; lastKnownFileType = file.xib; path = ModalViewController.xib; sourceTree = "<group>"; };
		9CD9F7E6196EA7D400EBBD85 /* NavigationControllerController.h */ = {isa = PBXFileReference; fileEncoding = 4; lastKnownFileType = sourcecode.c.h; path = NavigationControllerController.h; sourceTree = "<group>"; };
		9CD9F7E7196EA7D400EBBD85 /* NavigationControllerController.m */ = {isa = PBXFileReference; fileEncoding = 4; lastKnownFileType = sourcecode.c.objc; path = NavigationControllerController.m; sourceTree = "<group>"; };
		9CD9F7E9196EA7D400EBBD85 /* CustomCell.h */ = {isa = PBXFileReference; fileEncoding = 4; lastKnownFileType = sourcecode.c.h; path = CustomCell.h; sourceTree = "<group>"; };
		9CD9F7EA196EA7D400EBBD85 /* CustomCell.m */ = {isa = PBXFileReference; fileEncoding = 4; lastKnownFileType = sourcecode.c.objc; path = CustomCell.m; sourceTree = "<group>"; };
		9CD9F7EB196EA7D400EBBD85 /* main.m */ = {isa = PBXFileReference; fileEncoding = 4; lastKnownFileType = sourcecode.c.objc; path = main.m; sourceTree = "<group>"; };
		9CD9F7ED196EA7D400EBBD85 /* ProgressViewController.h */ = {isa = PBXFileReference; fileEncoding = 4; lastKnownFileType = sourcecode.c.h; path = ProgressViewController.h; sourceTree = "<group>"; };
		9CD9F7EE196EA7D400EBBD85 /* ProgressViewController.m */ = {isa = PBXFileReference; fileEncoding = 4; lastKnownFileType = sourcecode.c.objc; path = ProgressViewController.m; sourceTree = "<group>"; };
		9CD9F7EF196EA7D400EBBD85 /* ProgressViewController.xib */ = {isa = PBXFileReference; fileEncoding = 4; lastKnownFileType = file.xib; path = ProgressViewController.xib; sourceTree = "<group>"; };
		9CD9F7F1196EA7D400EBBD85 /* FirstViewController.h */ = {isa = PBXFileReference; fileEncoding = 4; lastKnownFileType = sourcecode.c.h; path = FirstViewController.h; sourceTree = "<group>"; };
		9CD9F7F2196EA7D400EBBD85 /* FirstViewController.m */ = {isa = PBXFileReference; fileEncoding = 4; lastKnownFileType = sourcecode.c.objc; path = FirstViewController.m; sourceTree = "<group>"; };
		9CD9F7F4196EA7D400EBBD85 /* CustomSplitController.h */ = {isa = PBXFileReference; fileEncoding = 4; lastKnownFileType = sourcecode.c.h; path = CustomSplitController.h; sourceTree = "<group>"; };
		9CD9F7F5196EA7D400EBBD85 /* CustomSplitController.m */ = {isa = PBXFileReference; fileEncoding = 4; lastKnownFileType = sourcecode.c.objc; path = CustomSplitController.m; sourceTree = "<group>"; };
		9CD9F7F6196EA7D400EBBD85 /* TestViewController.h */ = {isa = PBXFileReference; fileEncoding = 4; lastKnownFileType = sourcecode.c.h; path = TestViewController.h; sourceTree = "<group>"; };
		9CD9F7F7196EA7D400EBBD85 /* TestViewController.m */ = {isa = PBXFileReference; fileEncoding = 4; lastKnownFileType = sourcecode.c.objc; path = TestViewController.m; sourceTree = "<group>"; };
		9CD9F80A196EA88000EBBD85 /* Podfile */ = {isa = PBXFileReference; lastKnownFileType = text; path = Podfile; sourceTree = "<group>"; xcLanguageSpecificationIdentifier = xcode.lang.ruby; };
		9CD9F80D196EAA5500EBBD85 /* en */ = {isa = PBXFileReference; lastKnownFileType = text.plist.strings; name = en; path = en.lproj/InfoPlist.strings; sourceTree = "<group>"; };
		9CD9F80E196EAA5500EBBD85 /* Images.xcassets */ = {isa = PBXFileReference; lastKnownFileType = folder.assetcatalog; path = Images.xcassets; sourceTree = "<group>"; };
		9CD9F80F196EAA5500EBBD85 /* placeholder.png */ = {isa = PBXFileReference; lastKnownFileType = image.png; path = placeholder.png; sourceTree = "<group>"; };
		9CD9F810196EAA5500EBBD85 /* segmented.xcassets */ = {isa = PBXFileReference; lastKnownFileType = folder.assetcatalog; path = segmented.xcassets; sourceTree = "<group>"; };
		9CEF22751A9F6B77009CF266 /* WeCanDoIt.png */ = {isa = PBXFileReference; lastKnownFileType = image.png; path = WeCanDoIt.png; sourceTree = "<group>"; };
		9CFCFD8A1A8E501900B847D2 /* CommonLoadingViewController.h */ = {isa = PBXFileReference; fileEncoding = 4; lastKnownFileType = sourcecode.c.h; path = CommonLoadingViewController.h; sourceTree = "<group>"; };
		9CFCFD8B1A8E501900B847D2 /* CommonLoadingViewController.m */ = {isa = PBXFileReference; fileEncoding = 4; lastKnownFileType = sourcecode.c.objc; path = CommonLoadingViewController.m; sourceTree = "<group>"; };
		9E65652A1EB25D3AEF5972DF /* Pods-CommonUtilsTest.release.xcconfig */ = {isa = PBXFileReference; includeInIndex = 1; lastKnownFileType = text.xcconfig; name = "Pods-CommonUtilsTest.release.xcconfig"; path = "Pods/Target Support Files/Pods-CommonUtilsTest/Pods-CommonUtilsTest.release.xcconfig"; sourceTree = "<group>"; };
		BA801513D4DF4D82AFF30164 /* libPods-CommonUtilsTest.a */ = {isa = PBXFileReference; explicitFileType = archive.ar; includeInIndex = 0; path = "libPods-CommonUtilsTest.a"; sourceTree = BUILT_PRODUCTS_DIR; };
		FA01A732F5C68DD5ECA6F43D /* Pods-CommonUtilsTest.debug.xcconfig */ = {isa = PBXFileReference; includeInIndex = 1; lastKnownFileType = text.xcconfig; name = "Pods-CommonUtilsTest.debug.xcconfig"; path = "Pods/Target Support Files/Pods-CommonUtilsTest/Pods-CommonUtilsTest.debug.xcconfig"; sourceTree = "<group>"; };
/* End PBXFileReference section */

/* Begin PBXFrameworksBuildPhase section */
		9CD9F794196EA78500EBBD85 /* Frameworks */ = {
			isa = PBXFrameworksBuildPhase;
			buildActionMask = 2147483647;
			files = (
				9CD9F79D196EA78500EBBD85 /* CoreGraphics.framework in Frameworks */,
				9CD9F79F196EA78500EBBD85 /* UIKit.framework in Frameworks */,
				9CD9F79B196EA78500EBBD85 /* Foundation.framework in Frameworks */,
				0562DFD0B35442A38D252468 /* libPods-CommonUtilsTest.a in Frameworks */,
			);
			runOnlyForDeploymentPostprocessing = 0;
		};
/* End PBXFrameworksBuildPhase section */

/* Begin PBXGroup section */
		9C72DF8119C7193E007E67A8 /* CommonBook */ = {
			isa = PBXGroup;
			children = (
				9C72DF8319C7196C007E67A8 /* Classes */,
				9C72DF8219C71957007E67A8 /* Resources */,
			);
			path = CommonBook;
			sourceTree = "<group>";
		};
		9C72DF8219C71957007E67A8 /* Resources */ = {
			isa = PBXGroup;
			children = (
				9C72DF8C19C71A90007E67A8 /* TouriPad */,
				9C72DF9419C71A90007E67A8 /* TouriPhone */,
			);
			path = Resources;
			sourceTree = "<group>";
		};
		9C72DF8319C7196C007E67A8 /* Classes */ = {
			isa = PBXGroup;
			children = (
				9C72DF8719C719AB007E67A8 /* CommonBookViewController.h */,
				9C72DF8819C719AB007E67A8 /* CommonBookViewController.m */,
				9C01923319D2E5D000E8E9E3 /* CommonBookViewController.xib */,
				9C72DF8419C719AB007E67A8 /* CommonBookContentViewController.h */,
				9C72DF8519C719AB007E67A8 /* CommonBookContentViewController.m */,
				9C72DF8619C719AB007E67A8 /* CommonBookContentViewController.xib */,
			);
			path = Classes;
			sourceTree = "<group>";
		};
		9C72DF8C19C71A90007E67A8 /* TouriPad */ = {
			isa = PBXGroup;
			children = (
				9C72DF8D19C71A90007E67A8 /* iPad_0.png */,
				9C72DF8E19C71A90007E67A8 /* iPad_1.png */,
				9C72DF8F19C71A90007E67A8 /* iPad_2.png */,
				9C72DF9019C71A90007E67A8 /* iPad_3.png */,
				9C72DF9119C71A90007E67A8 /* iPad_4.png */,
				9C72DF9219C71A90007E67A8 /* iPad_5.png */,
				9C72DF9319C71A90007E67A8 /* iPad_6.png */,
			);
			path = TouriPad;
			sourceTree = "<group>";
		};
		9C72DF9419C71A90007E67A8 /* TouriPhone */ = {
			isa = PBXGroup;
			children = (
				9C72DF9519C71A90007E67A8 /* iPhone_0.png */,
				9C72DF9619C71A90007E67A8 /* iPhone_1.png */,
				9C72DF9719C71A90007E67A8 /* iPhone_2.png */,
				9C72DF9819C71A90007E67A8 /* iPhone_3.png */,
				9C72DF9919C71A90007E67A8 /* iPhone_4.png */,
				9C72DF9A19C71A90007E67A8 /* iPhone_5.png */,
				9C72DF9B19C71A90007E67A8 /* iPhone_6.png */,
			);
			path = TouriPhone;
			sourceTree = "<group>";
		};
		9C8A6AF319D1767D000062F7 /* CommonKeyboard */ = {
			isa = PBXGroup;
			children = (
				9C8A6AF719D17EE6000062F7 /* CommonKeyboardViewController.h */,
				9C8A6AF819D17EE6000062F7 /* CommonKeyboardViewController.m */,
				9C8A6AFA19D17F01000062F7 /* CommonKeyboardViewController.xib */,
				9C597DF119D1C71B000AE471 /* RDVKeyboardAvoidingScrollView.h */,
				9C597DF219D1C71B000AE471 /* RDVKeyboardAvoidingScrollView.m */,
			);
			path = CommonKeyboard;
			sourceTree = "<group>";
		};
		9C8C994619CADF5000A9E9B6 /* CommonPicker */ = {
			isa = PBXGroup;
			children = (
				9C83F87419CB0E0400F150B4 /* CommonPickerViewController.h */,
				9C83F87519CB0E0400F150B4 /* CommonPickerViewController.m */,
				9C83F87719CB0E3E00F150B4 /* CommonPickerViewController.xib */,
			);
			path = CommonPicker;
			sourceTree = "<group>";
		};
		9CC719ED1A1B5E8A00CC0DF2 /* CommonLogin */ = {
			isa = PBXGroup;
			children = (
				9CC719FB1A1B5FA100CC0DF2 /* SFLoginCell.h */,
				9CC719FC1A1B5FA100CC0DF2 /* SFLoginCell.m */,
				9CC719EE1A1B5F4A00CC0DF2 /* CommonLogin.h */,
				9CC719EF1A1B5F4A00CC0DF2 /* CommonLogin.m */,
				9CC719F01A1B5F4A00CC0DF2 /* SFLoginButtonCell.h */,
				9CC719F11A1B5F4A00CC0DF2 /* SFLoginButtonCell.m */,
				9CC719F21A1B5F4A00CC0DF2 /* SFLoginButtonCell.xib */,
				9CC719F31A1B5F4A00CC0DF2 /* SFLoginTextFieldCell.h */,
				9CC719F41A1B5F4A00CC0DF2 /* SFLoginTextFieldCell.m */,
				9CC719F51A1B5F4A00CC0DF2 /* SFLoginTextFieldCell.xib */,
			);
			path = CommonLogin;
			sourceTree = "<group>";
		};
		9CC831D019E28041005A10A8 /* CommonProgress */ = {
			isa = PBXGroup;
			children = (
				9C1191F81A7BE033000B6090 /* ChildViewController.h */,
				9C1191F91A7BE033000B6090 /* ChildViewController.m */,
				9CC831D119E2805B005A10A8 /* CommonProgressViewController.h */,
				9CC831D219E2805B005A10A8 /* CommonProgressViewController.m */,
				9CC831D319E2805B005A10A8 /* CommonProgressViewController.xib */,
				9CFCFD8A1A8E501900B847D2 /* CommonLoadingViewController.h */,
				9CFCFD8B1A8E501900B847D2 /* CommonLoadingViewController.m */,
			);
			path = CommonProgress;
			sourceTree = "<group>";
		};
		9CCDD92E1A40462A0003EAF3 /* CommonBarcode */ = {
			isa = PBXGroup;
			children = (
				9CCDD92F1A40462A0003EAF3 /* CommonBarcodeController.h */,
				9CCDD9301A40462A0003EAF3 /* CommonBarcodeController.m */,
				9CCDD9311A40462A0003EAF3 /* CommonBarcodeController.xib */,
			);
			path = CommonBarcode;
			sourceTree = "<group>";
		};
		9CD9F78E196EA78500EBBD85 = {
			isa = PBXGroup;
			children = (
				9CD9F80A196EA88000EBBD85 /* Podfile */,
				9CD9F7A0196EA78500EBBD85 /* CommonUtilsTest */,
				9CD9F799196EA78500EBBD85 /* Frameworks */,
				9CD9F798196EA78500EBBD85 /* Products */,
				D579F63730231EC113B62E65 /* Pods */,
			);
			sourceTree = "<group>";
		};
		9CD9F798196EA78500EBBD85 /* Products */ = {
			isa = PBXGroup;
			children = (
				9CD9F797196EA78500EBBD85 /* CommonUtilsTest.app */,
			);
			name = Products;
			sourceTree = "<group>";
		};
		9CD9F799196EA78500EBBD85 /* Frameworks */ = {
			isa = PBXGroup;
			children = (
				9CD9F79A196EA78500EBBD85 /* Foundation.framework */,
				9CD9F79C196EA78500EBBD85 /* CoreGraphics.framework */,
				9CD9F79E196EA78500EBBD85 /* UIKit.framework */,
				9CD9F7BC196EA78500EBBD85 /* XCTest.framework */,
				BA801513D4DF4D82AFF30164 /* libPods-CommonUtilsTest.a */,
			);
			name = Frameworks;
			sourceTree = "<group>";
		};
		9CD9F7A0196EA78500EBBD85 /* CommonUtilsTest */ = {
			isa = PBXGroup;
			children = (
				9CD9F7D2196EA7D400EBBD85 /* Classes */,
				9CD9F80B196EAA5500EBBD85 /* Resources */,
				9CD9F7A1196EA78500EBBD85 /* Supporting Files */,
			);
			path = CommonUtilsTest;
			sourceTree = "<group>";
		};
		9CD9F7A1196EA78500EBBD85 /* Supporting Files */ = {
			isa = PBXGroup;
			children = (
				9CD9F7A2196EA78500EBBD85 /* CommonUtilsTest-Info.plist */,
				9CD9F7A8196EA78500EBBD85 /* CommonUtilsTest-Prefix.pch */,
			);
			name = "Supporting Files";
			sourceTree = "<group>";
		};
		9CD9F7D2196EA7D400EBBD85 /* Classes */ = {
			isa = PBXGroup;
			children = (
				9CD9F7D3196EA7D400EBBD85 /* AppDelegate.h */,
				9CD9F7D4196EA7D400EBBD85 /* AppDelegate.m */,
				9CD9F7EB196EA7D400EBBD85 /* main.m */,
				9CC719ED1A1B5E8A00CC0DF2 /* CommonLogin */,
				9CC831D019E28041005A10A8 /* CommonProgress */,
				9C8A6AF319D1767D000062F7 /* CommonKeyboard */,
				9C8C994619CADF5000A9E9B6 /* CommonPicker */,
				9C72DF8119C7193E007E67A8 /* CommonBook */,
				9CCDD92E1A40462A0003EAF3 /* CommonBarcode */,
				9CD9F7DA196EA7D400EBBD85 /* CustomTransitions */,
				9CD9F7EC196EA7D400EBBD85 /* ProgressView */,
				9CD9F7F0196EA7D400EBBD85 /* SegementedController */,
				9CD9F7F3196EA7D400EBBD85 /* SplitViewController */,
				9CD9F7F6196EA7D400EBBD85 /* TestViewController.h */,
				9CD9F7F7196EA7D400EBBD85 /* TestViewController.m */,
			);
			path = Classes;
			sourceTree = "<group>";
		};
		9CD9F7DA196EA7D400EBBD85 /* CustomTransitions */ = {
			isa = PBXGroup;
			children = (
				9CD9F7DB196EA7D400EBBD85 /* VIewControllers */,
				9CD9F7E8196EA7D400EBBD85 /* Views */,
			);
			path = CustomTransitions;
			sourceTree = "<group>";
		};
		9CD9F7DB196EA7D400EBBD85 /* VIewControllers */ = {
			isa = PBXGroup;
			children = (
				9CD9F7DC196EA7D400EBBD85 /* BaseViewController.h */,
				9CD9F7DD196EA7D400EBBD85 /* BaseViewController.m */,
				9CD9F7DE196EA7D400EBBD85 /* HostViewController.h */,
				9CD9F7DF196EA7D400EBBD85 /* HostViewController.m */,
				9CD9F7E0196EA7D400EBBD85 /* MainViewController.h */,
				9CD9F7E1196EA7D400EBBD85 /* MainViewController.m */,
				9CD9F7E2196EA7D400EBBD85 /* MainViewController.xib */,
				9CD9F7E3196EA7D400EBBD85 /* ModalViewController.h */,
				9CD9F7E4196EA7D400EBBD85 /* ModalViewController.m */,
				9CD9F7E5196EA7D400EBBD85 /* ModalViewController.xib */,
				9CD9F7E6196EA7D400EBBD85 /* NavigationControllerController.h */,
				9CD9F7E7196EA7D400EBBD85 /* NavigationControllerController.m */,
			);
			path = VIewControllers;
			sourceTree = "<group>";
		};
		9CD9F7E8196EA7D400EBBD85 /* Views */ = {
			isa = PBXGroup;
			children = (
				9CD9F7E9196EA7D400EBBD85 /* CustomCell.h */,
				9CD9F7EA196EA7D400EBBD85 /* CustomCell.m */,
			);
			path = Views;
			sourceTree = "<group>";
		};
		9CD9F7EC196EA7D400EBBD85 /* ProgressView */ = {
			isa = PBXGroup;
			children = (
				9CD9F7ED196EA7D400EBBD85 /* ProgressViewController.h */,
				9CD9F7EE196EA7D400EBBD85 /* ProgressViewController.m */,
				9CD9F7EF196EA7D400EBBD85 /* ProgressViewController.xib */,
			);
			path = ProgressView;
			sourceTree = "<group>";
		};
		9CD9F7F0196EA7D400EBBD85 /* SegementedController */ = {
			isa = PBXGroup;
			children = (
				9CD9F7F1196EA7D400EBBD85 /* FirstViewController.h */,
				9CD9F7F2196EA7D400EBBD85 /* FirstViewController.m */,
			);
			path = SegementedController;
			sourceTree = "<group>";
		};
		9CD9F7F3196EA7D400EBBD85 /* SplitViewController */ = {
			isa = PBXGroup;
			children = (
				9CD9F7F4196EA7D400EBBD85 /* CustomSplitController.h */,
				9CD9F7F5196EA7D400EBBD85 /* CustomSplitController.m */,
			);
			path = SplitViewController;
			sourceTree = "<group>";
		};
		9CD9F80B196EAA5500EBBD85 /* Resources */ = {
			isa = PBXGroup;
			children = (
				9CEF22751A9F6B77009CF266 /* WeCanDoIt.png */,
				9C75FC0E19CB3F7B004FA3C9 /* apple.png */,
				9CD9F80F196EAA5500EBBD85 /* placeholder.png */,
				9CD9F80C196EAA5500EBBD85 /* InfoPlist.strings */,
				9CD9F80E196EAA5500EBBD85 /* Images.xcassets */,
				9CD9F810196EAA5500EBBD85 /* segmented.xcassets */,
				9C06AD391ACBFD3E00B72F6C /* Main.storyboard */,
			);
			path = Resources;
			sourceTree = "<group>";
		};
		D579F63730231EC113B62E65 /* Pods */ = {
			isa = PBXGroup;
			children = (
				FA01A732F5C68DD5ECA6F43D /* Pods-CommonUtilsTest.debug.xcconfig */,
				9E65652A1EB25D3AEF5972DF /* Pods-CommonUtilsTest.release.xcconfig */,
			);
			name = Pods;
			sourceTree = "<group>";
		};
/* End PBXGroup section */

/* Begin PBXNativeTarget section */
		9CD9F796196EA78500EBBD85 /* CommonUtilsTest */ = {
			isa = PBXNativeTarget;
			buildConfigurationList = 9CD9F7CC196EA78500EBBD85 /* Build configuration list for PBXNativeTarget "CommonUtilsTest" */;
			buildPhases = (
				08D6E72507144B9899170FEE /* Check Pods Manifest.lock */,
				9CD9F793196EA78500EBBD85 /* Sources */,
				9CD9F794196EA78500EBBD85 /* Frameworks */,
				9CD9F795196EA78500EBBD85 /* Resources */,
				99504EBBA8BA4A91BEA72D0E /* Copy Pods Resources */,
				6268F8E11F6599941911D42E /* Embed Pods Frameworks */,
			);
			buildRules = (
			);
			dependencies = (
			);
			name = CommonUtilsTest;
			productName = CommonUtilsTest;
			productReference = 9CD9F797196EA78500EBBD85 /* CommonUtilsTest.app */;
			productType = "com.apple.product-type.application";
		};
/* End PBXNativeTarget section */

/* Begin PBXProject section */
		9CD9F78F196EA78500EBBD85 /* Project object */ = {
			isa = PBXProject;
			attributes = {
				LastUpgradeCheck = 0510;
				ORGANIZATIONNAME = "Karen Lusinyan";
				TargetAttributes = {
					9CD9F796196EA78500EBBD85 = {
						DevelopmentTeam = 6QAZDAW6QU;
					};
				};
			};
			buildConfigurationList = 9CD9F792196EA78500EBBD85 /* Build configuration list for PBXProject "CommonUtilsTest" */;
			compatibilityVersion = "Xcode 3.2";
			developmentRegion = English;
			hasScannedForEncodings = 0;
			knownRegions = (
				en,
				Base,
				it,
			);
			mainGroup = 9CD9F78E196EA78500EBBD85;
			productRefGroup = 9CD9F798196EA78500EBBD85 /* Products */;
			projectDirPath = "";
			projectRoot = "";
			targets = (
				9CD9F796196EA78500EBBD85 /* CommonUtilsTest */,
			);
		};
/* End PBXProject section */

/* Begin PBXResourcesBuildPhase section */
		9CD9F795196EA78500EBBD85 /* Resources */ = {
			isa = PBXResourcesBuildPhase;
			buildActionMask = 2147483647;
			files = (
				9CD9F800196EA7D400EBBD85 /* ModalViewController.xib in Resources */,
				9C72DFA719C71A90007E67A8 /* iPhone_4.png in Resources */,
				9C83F87819CB0E3E00F150B4 /* CommonPickerViewController.xib in Resources */,
				9C72DFA319C71A90007E67A8 /* iPhone_0.png in Resources */,
				9C72DF9D19C71A90007E67A8 /* iPad_1.png in Resources */,
				9CD9F7FE196EA7D400EBBD85 /* MainViewController.xib in Resources */,
				9C72DFA119C71A90007E67A8 /* iPad_5.png in Resources */,
				9C72DF8A19C719AB007E67A8 /* CommonBookContentViewController.xib in Resources */,
				9C72DF9E19C71A90007E67A8 /* iPad_2.png in Resources */,
				9C72DFA019C71A90007E67A8 /* iPad_4.png in Resources */,
				9C72DFA619C71A90007E67A8 /* iPhone_3.png in Resources */,
				9C06AD3A1ACBFD3E00B72F6C /* Main.storyboard in Resources */,
				9C72DF9F19C71A90007E67A8 /* iPad_3.png in Resources */,
				9CC719FA1A1B5F4A00CC0DF2 /* SFLoginTextFieldCell.xib in Resources */,
				9C01923419D2E5D000E8E9E3 /* CommonBookViewController.xib in Resources */,
				9CCDD9331A40462A0003EAF3 /* CommonBarcodeController.xib in Resources */,
				9CD9F814196EAA5500EBBD85 /* segmented.xcassets in Resources */,
				9CD9F805196EA7D400EBBD85 /* ProgressViewController.xib in Resources */,
				9C72DF9C19C71A90007E67A8 /* iPad_0.png in Resources */,
				9C72DFA419C71A90007E67A8 /* iPhone_1.png in Resources */,
				9C72DFA919C71A90007E67A8 /* iPhone_6.png in Resources */,
				9C72DFA219C71A90007E67A8 /* iPad_6.png in Resources */,
				9C8A6AFB19D17F01000062F7 /* CommonKeyboardViewController.xib in Resources */,
				9CD9F812196EAA5500EBBD85 /* Images.xcassets in Resources */,
				9CD9F813196EAA5500EBBD85 /* placeholder.png in Resources */,
				9CD9F811196EAA5500EBBD85 /* InfoPlist.strings in Resources */,
				9C72DFA519C71A90007E67A8 /* iPhone_2.png in Resources */,
				9CC719F81A1B5F4A00CC0DF2 /* SFLoginButtonCell.xib in Resources */,
				9CC831D519E2805B005A10A8 /* CommonProgressViewController.xib in Resources */,
				9C75FC0F19CB3F7B004FA3C9 /* apple.png in Resources */,
				9C72DFA819C71A90007E67A8 /* iPhone_5.png in Resources */,
				9CEF22761A9F6B77009CF266 /* WeCanDoIt.png in Resources */,
			);
			runOnlyForDeploymentPostprocessing = 0;
		};
/* End PBXResourcesBuildPhase section */

/* Begin PBXShellScriptBuildPhase section */
		08D6E72507144B9899170FEE /* Check Pods Manifest.lock */ = {
			isa = PBXShellScriptBuildPhase;
			buildActionMask = 2147483647;
			files = (
			);
			inputPaths = (
			);
			name = "Check Pods Manifest.lock";
			outputPaths = (
			);
			runOnlyForDeploymentPostprocessing = 0;
			shellPath = /bin/sh;
			shellScript = "diff \"${PODS_ROOT}/../Podfile.lock\" \"${PODS_ROOT}/Manifest.lock\" > /dev/null\nif [[ $? != 0 ]] ; then\ncat << EOM\nerror: The sandbox is not in sync with the Podfile.lock. Run 'pod install' or update your CocoaPods installation.\nEOM\nexit 1\nfi\n";
			showEnvVarsInLog = 0;
		};
		6268F8E11F6599941911D42E /* Embed Pods Frameworks */ = {
			isa = PBXShellScriptBuildPhase;
			buildActionMask = 2147483647;
			files = (
			);
			inputPaths = (
			);
			name = "Embed Pods Frameworks";
			outputPaths = (
			);
			runOnlyForDeploymentPostprocessing = 0;
			shellPath = /bin/sh;
			shellScript = "\"${SRCROOT}/Pods/Target Support Files/Pods-CommonUtilsTest/Pods-CommonUtilsTest-frameworks.sh\"\n";
			showEnvVarsInLog = 0;
		};
		99504EBBA8BA4A91BEA72D0E /* Copy Pods Resources */ = {
			isa = PBXShellScriptBuildPhase;
			buildActionMask = 2147483647;
			files = (
			);
			inputPaths = (
			);
			name = "Copy Pods Resources";
			outputPaths = (
			);
			runOnlyForDeploymentPostprocessing = 0;
			shellPath = /bin/sh;
			shellScript = "\"${SRCROOT}/Pods/Target Support Files/Pods-CommonUtilsTest/Pods-CommonUtilsTest-resources.sh\"\n";
			showEnvVarsInLog = 0;
		};
/* End PBXShellScriptBuildPhase section */

/* Begin PBXSourcesBuildPhase section */
		9CD9F793196EA78500EBBD85 /* Sources */ = {
			isa = PBXSourcesBuildPhase;
			buildActionMask = 2147483647;
			files = (
				9CC719F71A1B5F4A00CC0DF2 /* SFLoginButtonCell.m in Sources */,
				9C72DF8B19C719AB007E67A8 /* CommonBookViewController.m in Sources */,
				9CD9F7FC196EA7D400EBBD85 /* HostViewController.m in Sources */,
				9C597DF319D1C71B000AE471 /* RDVKeyboardAvoidingScrollView.m in Sources */,
				9CD9F7FB196EA7D400EBBD85 /* BaseViewController.m in Sources */,
				9C83F87619CB0E0400F150B4 /* CommonPickerViewController.m in Sources */,
				9CD9F801196EA7D400EBBD85 /* NavigationControllerController.m in Sources */,
				9CD9F802196EA7D400EBBD85 /* CustomCell.m in Sources */,
				9CD9F7F8196EA7D400EBBD85 /* AppDelegate.m in Sources */,
				9CC719FD1A1B5FA100CC0DF2 /* SFLoginCell.m in Sources */,
				9CD9F7FF196EA7D400EBBD85 /* ModalViewController.m in Sources */,
				9C1191FA1A7BE033000B6090 /* ChildViewController.m in Sources */,
				9CD9F806196EA7D400EBBD85 /* FirstViewController.m in Sources */,
				9CC719F61A1B5F4A00CC0DF2 /* CommonLogin.m in Sources */,
				9CFCFD8D1A8E501900B847D2 /* CommonLoadingViewController.m in Sources */,
				9CD9F804196EA7D400EBBD85 /* ProgressViewController.m in Sources */,
				9CD9F808196EA7D400EBBD85 /* TestViewController.m in Sources */,
				9CC719F91A1B5F4A00CC0DF2 /* SFLoginTextFieldCell.m in Sources */,
				9C72DF8919C719AB007E67A8 /* CommonBookContentViewController.m in Sources */,
				9CCDD9321A40462A0003EAF3 /* CommonBarcodeController.m in Sources */,
				9CD9F7FD196EA7D400EBBD85 /* MainViewController.m in Sources */,
				9C8A6AF919D17EE6000062F7 /* CommonKeyboardViewController.m in Sources */,
				9CD9F807196EA7D400EBBD85 /* CustomSplitController.m in Sources */,
				9CC831D419E2805B005A10A8 /* CommonProgressViewController.m in Sources */,
				9CD9F803196EA7D400EBBD85 /* main.m in Sources */,
			);
			runOnlyForDeploymentPostprocessing = 0;
		};
/* End PBXSourcesBuildPhase section */

/* Begin PBXVariantGroup section */
		9CD9F80C196EAA5500EBBD85 /* InfoPlist.strings */ = {
			isa = PBXVariantGroup;
			children = (
				9CD9F80D196EAA5500EBBD85 /* en */,
				9C3297AC1A9DECFE00AFFBEA /* it */,
			);
			name = InfoPlist.strings;
			sourceTree = "<group>";
		};
/* End PBXVariantGroup section */

/* Begin XCBuildConfiguration section */
		9C2AC98A19EAA89F00588538 /* Release */ = {
			isa = XCBuildConfiguration;
			buildSettings = {
				ALWAYS_SEARCH_USER_PATHS = NO;
				CLANG_CXX_LANGUAGE_STANDARD = "gnu++0x";
				CLANG_CXX_LIBRARY = "libc++";
				CLANG_ENABLE_MODULES = YES;
				CLANG_ENABLE_OBJC_ARC = YES;
				CLANG_WARN_BOOL_CONVERSION = YES;
				CLANG_WARN_CONSTANT_CONVERSION = YES;
				CLANG_WARN_DIRECT_OBJC_ISA_USAGE = YES_ERROR;
				CLANG_WARN_EMPTY_BODY = YES;
				CLANG_WARN_ENUM_CONVERSION = YES;
				CLANG_WARN_INT_CONVERSION = YES;
				CLANG_WARN_OBJC_ROOT_CLASS = YES_ERROR;
				CLANG_WARN__DUPLICATE_METHOD_MATCH = YES;
				"CODE_SIGN_IDENTITY[sdk=iphoneos*]" = "iPhone Developer";
				COPY_PHASE_STRIP = NO;
				GCC_C_LANGUAGE_STANDARD = gnu99;
				GCC_DYNAMIC_NO_PIC = NO;
				GCC_OPTIMIZATION_LEVEL = 0;
				GCC_PREPROCESSOR_DEFINITIONS = (
					"DEBUG=1",
					"$(inherited)",
				);
				GCC_SYMBOLS_PRIVATE_EXTERN = NO;
				GCC_WARN_64_TO_32_BIT_CONVERSION = YES;
				GCC_WARN_ABOUT_RETURN_TYPE = YES_ERROR;
				GCC_WARN_UNDECLARED_SELECTOR = YES;
				GCC_WARN_UNINITIALIZED_AUTOS = YES_AGGRESSIVE;
				GCC_WARN_UNUSED_FUNCTION = YES;
				GCC_WARN_UNUSED_VARIABLE = YES;
				IPHONEOS_DEPLOYMENT_TARGET = 7.0;
				ONLY_ACTIVE_ARCH = YES;
				SDKROOT = iphoneos;
				TARGETED_DEVICE_FAMILY = "1,2";
			};
			name = Release;
		};
		9C2AC98B19EAA89F00588538 /* Release */ = {
			isa = XCBuildConfiguration;
			baseConfigurationReference = 9E65652A1EB25D3AEF5972DF /* Pods-CommonUtilsTest.release.xcconfig */;
			buildSettings = {
				ASSETCATALOG_COMPILER_APPICON_NAME = AppIcon;
				ASSETCATALOG_COMPILER_LAUNCHIMAGE_NAME = LaunchImage;
				CODE_SIGN_IDENTITY = "iPhone Developer";
				"CODE_SIGN_IDENTITY[sdk=iphoneos*]" = "iPhone Developer";
				GCC_PRECOMPILE_PREFIX_HEADER = YES;
				GCC_PREFIX_HEADER = "CommonUtilsTest/CommonUtilsTest-Prefix.pch";
				HEADER_SEARCH_PATHS = "$(inherited)";
				INFOPLIST_FILE = "CommonUtilsTest/CommonUtilsTest-Info.plist";
				IPHONEOS_DEPLOYMENT_TARGET = 8.0;
				OTHER_CFLAGS = "$(inherited)";
				PRODUCT_NAME = "$(TARGET_NAME)";
				PROVISIONING_PROFILE = "";
				TARGETED_DEVICE_FAMILY = "1,2";
				WRAPPER_EXTENSION = app;
			};
			name = Release;
		};
		9CD9F7CA196EA78500EBBD85 /* Debug */ = {
			isa = XCBuildConfiguration;
			buildSettings = {
				ALWAYS_SEARCH_USER_PATHS = NO;
				CLANG_CXX_LANGUAGE_STANDARD = "gnu++0x";
				CLANG_CXX_LIBRARY = "libc++";
				CLANG_ENABLE_MODULES = YES;
				CLANG_ENABLE_OBJC_ARC = YES;
				CLANG_WARN_BOOL_CONVERSION = YES;
				CLANG_WARN_CONSTANT_CONVERSION = YES;
				CLANG_WARN_DIRECT_OBJC_ISA_USAGE = YES_ERROR;
				CLANG_WARN_EMPTY_BODY = YES;
				CLANG_WARN_ENUM_CONVERSION = YES;
				CLANG_WARN_INT_CONVERSION = YES;
				CLANG_WARN_OBJC_ROOT_CLASS = YES_ERROR;
				CLANG_WARN__DUPLICATE_METHOD_MATCH = YES;
				"CODE_SIGN_IDENTITY[sdk=iphoneos*]" = "iPhone Developer";
				COPY_PHASE_STRIP = NO;
				GCC_C_LANGUAGE_STANDARD = gnu99;
				GCC_DYNAMIC_NO_PIC = NO;
				GCC_OPTIMIZATION_LEVEL = 0;
				GCC_PREPROCESSOR_DEFINITIONS = (
					"DEBUG=1",
					"$(inherited)",
				);
				GCC_SYMBOLS_PRIVATE_EXTERN = NO;
				GCC_WARN_64_TO_32_BIT_CONVERSION = YES;
				GCC_WARN_ABOUT_RETURN_TYPE = YES_ERROR;
				GCC_WARN_UNDECLARED_SELECTOR = YES;
				GCC_WARN_UNINITIALIZED_AUTOS = YES_AGGRESSIVE;
				GCC_WARN_UNUSED_FUNCTION = YES;
				GCC_WARN_UNUSED_VARIABLE = YES;
				IPHONEOS_DEPLOYMENT_TARGET = 7.0;
				ONLY_ACTIVE_ARCH = YES;
				SDKROOT = iphoneos;
				TARGETED_DEVICE_FAMILY = "1,2";
			};
			name = Debug;
		};
		9CD9F7CD196EA78500EBBD85 /* Debug */ = {
			isa = XCBuildConfiguration;
			baseConfigurationReference = FA01A732F5C68DD5ECA6F43D /* Pods-CommonUtilsTest.debug.xcconfig */;
			buildSettings = {
				ASSETCATALOG_COMPILER_APPICON_NAME = AppIcon;
				ASSETCATALOG_COMPILER_LAUNCHIMAGE_NAME = LaunchImage;
				CODE_SIGN_IDENTITY = "iPhone Developer";
				"CODE_SIGN_IDENTITY[sdk=iphoneos*]" = "iPhone Developer";
				GCC_PRECOMPILE_PREFIX_HEADER = YES;
				GCC_PREFIX_HEADER = "CommonUtilsTest/CommonUtilsTest-Prefix.pch";
				HEADER_SEARCH_PATHS = "$(inherited)";
				INFOPLIST_FILE = "CommonUtilsTest/CommonUtilsTest-Info.plist";
				IPHONEOS_DEPLOYMENT_TARGET = 8.0;
				OTHER_CFLAGS = "$(inherited)";
				PRODUCT_NAME = "$(TARGET_NAME)";
				PROVISIONING_PROFILE = "";
				TARGETED_DEVICE_FAMILY = "1,2";
				WRAPPER_EXTENSION = app;
			};
			name = Debug;
		};
/* End XCBuildConfiguration section */

/* Begin XCConfigurationList section */
		9CD9F792196EA78500EBBD85 /* Build configuration list for PBXProject "CommonUtilsTest" */ = {
			isa = XCConfigurationList;
			buildConfigurations = (
				9CD9F7CA196EA78500EBBD85 /* Debug */,
				9C2AC98A19EAA89F00588538 /* Release */,
			);
			defaultConfigurationIsVisible = 0;
			defaultConfigurationName = Debug;
		};
		9CD9F7CC196EA78500EBBD85 /* Build configuration list for PBXNativeTarget "CommonUtilsTest" */ = {
			isa = XCConfigurationList;
			buildConfigurations = (
				9CD9F7CD196EA78500EBBD85 /* Debug */,
				9C2AC98B19EAA89F00588538 /* Release */,
			);
			defaultConfigurationIsVisible = 0;
			defaultConfigurationName = Debug;
		};
/* End XCConfigurationList section */
	};
	rootObject = 9CD9F78F196EA78500EBBD85 /* Project object */;
}
