<?xml version="1.0" encoding="UTF-8"?>
<!DOCTYPE plist PUBLIC "-//Apple//DTD PLIST 1.0//EN" "http://www.apple.com/DTDs/PropertyList-1.0.dtd">
<plist version="1.0">
<dict>
	<key>archiveVersion</key>
	<string>1</string>
	<key>classes</key>
	<dict/>
	<key>objectVersion</key>
	<string>46</string>
	<key>objects</key>
	<dict>
		<key>1E22334EA4EB3CDA518B556F</key>
		<dict>
			<key>includeInIndex</key>
			<string>1</string>
			<key>isa</key>
			<string>PBXFileReference</string>
			<key>lastKnownFileType</key>
			<string>text.xcconfig</string>
			<key>name</key>
			<string>Pods-CommonUtilsTest.release.xcconfig</string>
			<key>path</key>
			<string>Pods/Target Support Files/Pods-CommonUtilsTest/Pods-CommonUtilsTest.release.xcconfig</string>
			<key>sourceTree</key>
			<string>&lt;group&gt;</string>
		</dict>
		<key>39F763689F1701DF2FE3BFD6</key>
		<dict>
			<key>buildActionMask</key>
			<string>2147483647</string>
			<key>files</key>
			<array/>
			<key>inputPaths</key>
			<array/>
			<key>isa</key>
			<string>PBXShellScriptBuildPhase</string>
			<key>name</key>
			<string>[CP] Copy Pods Resources</string>
			<key>outputPaths</key>
			<array/>
			<key>runOnlyForDeploymentPostprocessing</key>
			<string>0</string>
			<key>shellPath</key>
			<string>/bin/sh</string>
			<key>shellScript</key>
			<string>"${SRCROOT}/Pods/Target Support Files/Pods-CommonUtilsTest/Pods-CommonUtilsTest-resources.sh"
</string>
			<key>showEnvVarsInLog</key>
			<string>0</string>
		</dict>
		<key>5A91DF2CF6BFBAA6A4A5A457</key>
		<dict>
			<key>buildActionMask</key>
			<string>2147483647</string>
			<key>files</key>
			<array/>
			<key>inputPaths</key>
			<array/>
			<key>isa</key>
			<string>PBXShellScriptBuildPhase</string>
			<key>name</key>
			<string>[CP] Check Pods Manifest.lock</string>
			<key>outputPaths</key>
			<array/>
			<key>runOnlyForDeploymentPostprocessing</key>
			<string>0</string>
			<key>shellPath</key>
			<string>/bin/sh</string>
			<key>shellScript</key>
			<string>diff "${PODS_ROOT}/../Podfile.lock" "${PODS_ROOT}/Manifest.lock" &gt; /dev/null
if [[ $? != 0 ]] ; then
    cat &lt;&lt; EOM
error: The sandbox is not in sync with the Podfile.lock. Run 'pod install' or update your CocoaPods installation.
EOM
    exit 1
fi
</string>
			<key>showEnvVarsInLog</key>
			<string>0</string>
		</dict>
		<key>6FFBE1B8D682F90890EE625E</key>
		<dict>
			<key>explicitFileType</key>
			<string>archive.ar</string>
			<key>includeInIndex</key>
			<string>0</string>
			<key>isa</key>
			<string>PBXFileReference</string>
			<key>path</key>
			<string>libPods-CommonUtilsTest.a</string>
			<key>sourceTree</key>
			<string>BUILT_PRODUCTS_DIR</string>
		</dict>
		<key>7E4DD400254EC95C0F46FB39</key>
		<dict>
			<key>fileRef</key>
			<string>6FFBE1B8D682F90890EE625E</string>
			<key>isa</key>
			<string>PBXBuildFile</string>
		</dict>
		<key>916CAA4DD7A46D613F2513D1</key>
		<dict>
			<key>children</key>
			<array>
				<string>D39560146128DD30EB7B6AA9</string>
				<string>1E22334EA4EB3CDA518B556F</string>
			</array>
			<key>isa</key>
			<string>PBXGroup</string>
			<key>name</key>
			<string>Pods</string>
			<key>sourceTree</key>
			<string>&lt;group&gt;</string>
		</dict>
		<key>99A6CDA5D64C21998DD7A5DE</key>
		<dict>
			<key>buildActionMask</key>
			<string>2147483647</string>
			<key>files</key>
			<array/>
			<key>inputPaths</key>
			<array/>
			<key>isa</key>
			<string>PBXShellScriptBuildPhase</string>
			<key>name</key>
			<string>[CP] Embed Pods Frameworks</string>
			<key>outputPaths</key>
			<array/>
			<key>runOnlyForDeploymentPostprocessing</key>
			<string>0</string>
			<key>shellPath</key>
			<string>/bin/sh</string>
			<key>shellScript</key>
			<string>"${SRCROOT}/Pods/Target Support Files/Pods-CommonUtilsTest/Pods-CommonUtilsTest-frameworks.sh"
</string>
			<key>showEnvVarsInLog</key>
			<string>0</string>
		</dict>
		<key>9C01923319D2E5D000E8E9E3</key>
		<dict>
			<key>fileEncoding</key>
			<string>4</string>
			<key>isa</key>
			<string>PBXFileReference</string>
			<key>lastKnownFileType</key>
			<string>file.xib</string>
			<key>path</key>
			<string>CommonBookViewController.xib</string>
			<key>sourceTree</key>
			<string>&lt;group&gt;</string>
		</dict>
		<key>9C01923419D2E5D000E8E9E3</key>
		<dict>
			<key>fileRef</key>
			<string>9C01923319D2E5D000E8E9E3</string>
			<key>isa</key>
			<string>PBXBuildFile</string>
		</dict>
		<key>9C06AD391ACBFD3E00B72F6C</key>
		<dict>
			<key>fileEncoding</key>
			<string>4</string>
			<key>isa</key>
			<string>PBXFileReference</string>
			<key>lastKnownFileType</key>
			<string>file.storyboard</string>
			<key>path</key>
			<string>Main.storyboard</string>
			<key>sourceTree</key>
			<string>&lt;group&gt;</string>
		</dict>
		<key>9C06AD3A1ACBFD3E00B72F6C</key>
		<dict>
			<key>fileRef</key>
			<string>9C06AD391ACBFD3E00B72F6C</string>
			<key>isa</key>
			<string>PBXBuildFile</string>
		</dict>
		<key>9C1191F81A7BE033000B6090</key>
		<dict>
			<key>fileEncoding</key>
			<string>4</string>
			<key>isa</key>
			<string>PBXFileReference</string>
			<key>lastKnownFileType</key>
			<string>sourcecode.c.h</string>
			<key>path</key>
			<string>ChildViewController.h</string>
			<key>sourceTree</key>
			<string>&lt;group&gt;</string>
		</dict>
		<key>9C1191F91A7BE033000B6090</key>
		<dict>
			<key>fileEncoding</key>
			<string>4</string>
			<key>isa</key>
			<string>PBXFileReference</string>
			<key>lastKnownFileType</key>
			<string>sourcecode.c.objc</string>
			<key>path</key>
			<string>ChildViewController.m</string>
			<key>sourceTree</key>
			<string>&lt;group&gt;</string>
		</dict>
		<key>9C1191FA1A7BE033000B6090</key>
		<dict>
			<key>fileRef</key>
			<string>9C1191F91A7BE033000B6090</string>
			<key>isa</key>
			<string>PBXBuildFile</string>
		</dict>
		<key>9C2AC98A19EAA89F00588538</key>
		<dict>
			<key>buildSettings</key>
			<dict>
				<key>ALWAYS_SEARCH_USER_PATHS</key>
				<string>NO</string>
				<key>CLANG_CXX_LANGUAGE_STANDARD</key>
				<string>gnu++0x</string>
				<key>CLANG_CXX_LIBRARY</key>
				<string>libc++</string>
				<key>CLANG_ENABLE_MODULES</key>
				<string>YES</string>
				<key>CLANG_ENABLE_OBJC_ARC</key>
				<string>YES</string>
				<key>CLANG_WARN_BOOL_CONVERSION</key>
				<string>YES</string>
				<key>CLANG_WARN_CONSTANT_CONVERSION</key>
				<string>YES</string>
				<key>CLANG_WARN_DIRECT_OBJC_ISA_USAGE</key>
				<string>YES_ERROR</string>
				<key>CLANG_WARN_EMPTY_BODY</key>
				<string>YES</string>
				<key>CLANG_WARN_ENUM_CONVERSION</key>
				<string>YES</string>
				<key>CLANG_WARN_INT_CONVERSION</key>
				<string>YES</string>
				<key>CLANG_WARN_OBJC_ROOT_CLASS</key>
				<string>YES_ERROR</string>
				<key>CLANG_WARN__DUPLICATE_METHOD_MATCH</key>
				<string>YES</string>
				<key>CODE_SIGN_IDENTITY[sdk=iphoneos*]</key>
				<string>iPhone Developer</string>
				<key>COPY_PHASE_STRIP</key>
				<string>NO</string>
				<key>GCC_C_LANGUAGE_STANDARD</key>
				<string>gnu99</string>
				<key>GCC_DYNAMIC_NO_PIC</key>
				<string>NO</string>
				<key>GCC_OPTIMIZATION_LEVEL</key>
				<string>0</string>
				<key>GCC_PREPROCESSOR_DEFINITIONS</key>
				<array>
					<string>DEBUG=1</string>
					<string>$(inherited)</string>
				</array>
				<key>GCC_SYMBOLS_PRIVATE_EXTERN</key>
				<string>NO</string>
				<key>GCC_WARN_64_TO_32_BIT_CONVERSION</key>
				<string>YES</string>
				<key>GCC_WARN_ABOUT_RETURN_TYPE</key>
				<string>YES_ERROR</string>
				<key>GCC_WARN_UNDECLARED_SELECTOR</key>
				<string>YES</string>
				<key>GCC_WARN_UNINITIALIZED_AUTOS</key>
				<string>YES_AGGRESSIVE</string>
				<key>GCC_WARN_UNUSED_FUNCTION</key>
				<string>YES</string>
				<key>GCC_WARN_UNUSED_VARIABLE</key>
				<string>YES</string>
				<key>IPHONEOS_DEPLOYMENT_TARGET</key>
				<string>7.0</string>
				<key>ONLY_ACTIVE_ARCH</key>
				<string>YES</string>
				<key>SDKROOT</key>
				<string>iphoneos</string>
				<key>TARGETED_DEVICE_FAMILY</key>
				<string>1,2</string>
			</dict>
			<key>isa</key>
			<string>XCBuildConfiguration</string>
			<key>name</key>
			<string>Release</string>
		</dict>
		<key>9C2AC98B19EAA89F00588538</key>
		<dict>
			<key>baseConfigurationReference</key>
			<string>1E22334EA4EB3CDA518B556F</string>
			<key>buildSettings</key>
			<dict>
				<key>ASSETCATALOG_COMPILER_APPICON_NAME</key>
				<string>AppIcon</string>
				<key>ASSETCATALOG_COMPILER_LAUNCHIMAGE_NAME</key>
				<string>LaunchImage</string>
				<key>CLANG_ALLOW_NON_MODULAR_INCLUDES_IN_FRAMEWORK_MODULES</key>
				<string>YES</string>
				<key>CODE_SIGN_IDENTITY</key>
				<string>iPhone Developer</string>
				<key>CODE_SIGN_IDENTITY[sdk=iphoneos*]</key>
				<string>iPhone Developer</string>
				<key>ENABLE_BITCODE</key>
				<string>YES</string>
				<key>GCC_PRECOMPILE_PREFIX_HEADER</key>
				<string>YES</string>
				<key>GCC_PREFIX_HEADER</key>
				<string>CommonUtilsTest/CommonUtilsTest-Prefix.pch</string>
				<key>HEADER_SEARCH_PATHS</key>
				<array>
					<string>$(inherited)</string>
					<string>$(PROJECT_DIR)/Pods/Headers/**</string>
				</array>
				<key>INFOPLIST_FILE</key>
				<string>CommonUtilsTest/CommonUtilsTest-Info.plist</string>
				<key>IPHONEOS_DEPLOYMENT_TARGET</key>
				<string>7.0</string>
				<key>OTHER_CFLAGS</key>
				<string>$(inherited)</string>
				<key>PRODUCT_BUNDLE_IDENTIFIER</key>
				<string>com.karenlusinyan.${PRODUCT_NAME:rfc1034identifier}</string>
				<key>PRODUCT_NAME</key>
				<string>$(TARGET_NAME)</string>
				<key>PROVISIONING_PROFILE</key>
				<string></string>
				<key>TARGETED_DEVICE_FAMILY</key>
				<string>1,2</string>
				<key>WRAPPER_EXTENSION</key>
				<string>app</string>
			</dict>
			<key>isa</key>
			<string>XCBuildConfiguration</string>
			<key>name</key>
			<string>Release</string>
		</dict>
		<key>9C3297AC1A9DECFE00AFFBEA</key>
		<dict>
			<key>isa</key>
			<string>PBXFileReference</string>
			<key>lastKnownFileType</key>
			<string>text.plist.strings</string>
			<key>name</key>
			<string>it</string>
			<key>path</key>
			<string>it.lproj/InfoPlist.strings</string>
			<key>sourceTree</key>
			<string>&lt;group&gt;</string>
		</dict>
		<key>9C72DF8119C7193E007E67A8</key>
		<dict>
			<key>children</key>
			<array>
				<string>9C72DF8319C7196C007E67A8</string>
				<string>9C72DF8219C71957007E67A8</string>
			</array>
			<key>isa</key>
			<string>PBXGroup</string>
			<key>path</key>
			<string>CommonBook</string>
			<key>sourceTree</key>
			<string>&lt;group&gt;</string>
		</dict>
		<key>9C72DF8219C71957007E67A8</key>
		<dict>
			<key>children</key>
			<array>
				<string>9C72DF8C19C71A90007E67A8</string>
				<string>9C72DF9419C71A90007E67A8</string>
			</array>
			<key>isa</key>
			<string>PBXGroup</string>
			<key>path</key>
			<string>Resources</string>
			<key>sourceTree</key>
			<string>&lt;group&gt;</string>
		</dict>
		<key>9C72DF8319C7196C007E67A8</key>
		<dict>
			<key>children</key>
			<array>
				<string>9C72DF8719C719AB007E67A8</string>
				<string>9C72DF8819C719AB007E67A8</string>
				<string>9C01923319D2E5D000E8E9E3</string>
				<string>9C72DF8419C719AB007E67A8</string>
				<string>9C72DF8519C719AB007E67A8</string>
				<string>9C72DF8619C719AB007E67A8</string>
			</array>
			<key>isa</key>
			<string>PBXGroup</string>
			<key>path</key>
			<string>Classes</string>
			<key>sourceTree</key>
			<string>&lt;group&gt;</string>
		</dict>
		<key>9C72DF8419C719AB007E67A8</key>
		<dict>
			<key>fileEncoding</key>
			<string>4</string>
			<key>isa</key>
			<string>PBXFileReference</string>
			<key>lastKnownFileType</key>
			<string>sourcecode.c.h</string>
			<key>path</key>
			<string>CommonBookContentViewController.h</string>
			<key>sourceTree</key>
			<string>&lt;group&gt;</string>
		</dict>
		<key>9C72DF8519C719AB007E67A8</key>
		<dict>
			<key>fileEncoding</key>
			<string>4</string>
			<key>isa</key>
			<string>PBXFileReference</string>
			<key>lastKnownFileType</key>
			<string>sourcecode.c.objc</string>
			<key>path</key>
			<string>CommonBookContentViewController.m</string>
			<key>sourceTree</key>
			<string>&lt;group&gt;</string>
		</dict>
		<key>9C72DF8619C719AB007E67A8</key>
		<dict>
			<key>fileEncoding</key>
			<string>4</string>
			<key>isa</key>
			<string>PBXFileReference</string>
			<key>lastKnownFileType</key>
			<string>file.xib</string>
			<key>path</key>
			<string>CommonBookContentViewController.xib</string>
			<key>sourceTree</key>
			<string>&lt;group&gt;</string>
		</dict>
		<key>9C72DF8719C719AB007E67A8</key>
		<dict>
			<key>fileEncoding</key>
			<string>4</string>
			<key>isa</key>
			<string>PBXFileReference</string>
			<key>lastKnownFileType</key>
			<string>sourcecode.c.h</string>
			<key>path</key>
			<string>CommonBookViewController.h</string>
			<key>sourceTree</key>
			<string>&lt;group&gt;</string>
		</dict>
		<key>9C72DF8819C719AB007E67A8</key>
		<dict>
			<key>fileEncoding</key>
			<string>4</string>
			<key>isa</key>
			<string>PBXFileReference</string>
			<key>lastKnownFileType</key>
			<string>sourcecode.c.objc</string>
			<key>path</key>
			<string>CommonBookViewController.m</string>
			<key>sourceTree</key>
			<string>&lt;group&gt;</string>
		</dict>
		<key>9C72DF8919C719AB007E67A8</key>
		<dict>
			<key>fileRef</key>
			<string>9C72DF8519C719AB007E67A8</string>
			<key>isa</key>
			<string>PBXBuildFile</string>
		</dict>
		<key>9C72DF8A19C719AB007E67A8</key>
		<dict>
			<key>fileRef</key>
			<string>9C72DF8619C719AB007E67A8</string>
			<key>isa</key>
			<string>PBXBuildFile</string>
		</dict>
		<key>9C72DF8B19C719AB007E67A8</key>
		<dict>
			<key>fileRef</key>
			<string>9C72DF8819C719AB007E67A8</string>
			<key>isa</key>
			<string>PBXBuildFile</string>
		</dict>
		<key>9C72DF8C19C71A90007E67A8</key>
		<dict>
			<key>children</key>
			<array>
				<string>9C72DF8D19C71A90007E67A8</string>
				<string>9C72DF8E19C71A90007E67A8</string>
				<string>9C72DF8F19C71A90007E67A8</string>
				<string>9C72DF9019C71A90007E67A8</string>
				<string>9C72DF9119C71A90007E67A8</string>
				<string>9C72DF9219C71A90007E67A8</string>
				<string>9C72DF9319C71A90007E67A8</string>
			</array>
			<key>isa</key>
			<string>PBXGroup</string>
			<key>path</key>
			<string>TouriPad</string>
			<key>sourceTree</key>
			<string>&lt;group&gt;</string>
		</dict>
		<key>9C72DF8D19C71A90007E67A8</key>
		<dict>
			<key>isa</key>
			<string>PBXFileReference</string>
			<key>lastKnownFileType</key>
			<string>image.png</string>
			<key>path</key>
			<string>iPad_0.png</string>
			<key>sourceTree</key>
			<string>&lt;group&gt;</string>
		</dict>
		<key>9C72DF8E19C71A90007E67A8</key>
		<dict>
			<key>isa</key>
			<string>PBXFileReference</string>
			<key>lastKnownFileType</key>
			<string>image.png</string>
			<key>path</key>
			<string>iPad_1.png</string>
			<key>sourceTree</key>
			<string>&lt;group&gt;</string>
		</dict>
		<key>9C72DF8F19C71A90007E67A8</key>
		<dict>
			<key>isa</key>
			<string>PBXFileReference</string>
			<key>lastKnownFileType</key>
			<string>image.png</string>
			<key>path</key>
			<string>iPad_2.png</string>
			<key>sourceTree</key>
			<string>&lt;group&gt;</string>
		</dict>
		<key>9C72DF9019C71A90007E67A8</key>
		<dict>
			<key>isa</key>
			<string>PBXFileReference</string>
			<key>lastKnownFileType</key>
			<string>image.png</string>
			<key>path</key>
			<string>iPad_3.png</string>
			<key>sourceTree</key>
			<string>&lt;group&gt;</string>
		</dict>
		<key>9C72DF9119C71A90007E67A8</key>
		<dict>
			<key>isa</key>
			<string>PBXFileReference</string>
			<key>lastKnownFileType</key>
			<string>image.png</string>
			<key>path</key>
			<string>iPad_4.png</string>
			<key>sourceTree</key>
			<string>&lt;group&gt;</string>
		</dict>
		<key>9C72DF9219C71A90007E67A8</key>
		<dict>
			<key>isa</key>
			<string>PBXFileReference</string>
			<key>lastKnownFileType</key>
			<string>image.png</string>
			<key>path</key>
			<string>iPad_5.png</string>
			<key>sourceTree</key>
			<string>&lt;group&gt;</string>
		</dict>
		<key>9C72DF9319C71A90007E67A8</key>
		<dict>
			<key>isa</key>
			<string>PBXFileReference</string>
			<key>lastKnownFileType</key>
			<string>image.png</string>
			<key>path</key>
			<string>iPad_6.png</string>
			<key>sourceTree</key>
			<string>&lt;group&gt;</string>
		</dict>
		<key>9C72DF9419C71A90007E67A8</key>
		<dict>
			<key>children</key>
			<array>
				<string>9C72DF9519C71A90007E67A8</string>
				<string>9C72DF9619C71A90007E67A8</string>
				<string>9C72DF9719C71A90007E67A8</string>
				<string>9C72DF9819C71A90007E67A8</string>
				<string>9C72DF9919C71A90007E67A8</string>
				<string>9C72DF9A19C71A90007E67A8</string>
				<string>9C72DF9B19C71A90007E67A8</string>
			</array>
			<key>isa</key>
			<string>PBXGroup</string>
			<key>path</key>
			<string>TouriPhone</string>
			<key>sourceTree</key>
			<string>&lt;group&gt;</string>
		</dict>
		<key>9C72DF9519C71A90007E67A8</key>
		<dict>
			<key>isa</key>
			<string>PBXFileReference</string>
			<key>lastKnownFileType</key>
			<string>image.png</string>
			<key>path</key>
			<string>iPhone_0.png</string>
			<key>sourceTree</key>
			<string>&lt;group&gt;</string>
		</dict>
		<key>9C72DF9619C71A90007E67A8</key>
		<dict>
			<key>isa</key>
			<string>PBXFileReference</string>
			<key>lastKnownFileType</key>
			<string>image.png</string>
			<key>path</key>
			<string>iPhone_1.png</string>
			<key>sourceTree</key>
			<string>&lt;group&gt;</string>
		</dict>
		<key>9C72DF9719C71A90007E67A8</key>
		<dict>
			<key>isa</key>
			<string>PBXFileReference</string>
			<key>lastKnownFileType</key>
			<string>image.png</string>
			<key>path</key>
			<string>iPhone_2.png</string>
			<key>sourceTree</key>
			<string>&lt;group&gt;</string>
		</dict>
		<key>9C72DF9819C71A90007E67A8</key>
		<dict>
			<key>isa</key>
			<string>PBXFileReference</string>
			<key>lastKnownFileType</key>
			<string>image.png</string>
			<key>path</key>
			<string>iPhone_3.png</string>
			<key>sourceTree</key>
			<string>&lt;group&gt;</string>
		</dict>
		<key>9C72DF9919C71A90007E67A8</key>
		<dict>
			<key>isa</key>
			<string>PBXFileReference</string>
			<key>lastKnownFileType</key>
			<string>image.png</string>
			<key>path</key>
			<string>iPhone_4.png</string>
			<key>sourceTree</key>
			<string>&lt;group&gt;</string>
		</dict>
		<key>9C72DF9A19C71A90007E67A8</key>
		<dict>
			<key>isa</key>
			<string>PBXFileReference</string>
			<key>lastKnownFileType</key>
			<string>image.png</string>
			<key>path</key>
			<string>iPhone_5.png</string>
			<key>sourceTree</key>
			<string>&lt;group&gt;</string>
		</dict>
		<key>9C72DF9B19C71A90007E67A8</key>
		<dict>
			<key>isa</key>
			<string>PBXFileReference</string>
			<key>lastKnownFileType</key>
			<string>image.png</string>
			<key>path</key>
			<string>iPhone_6.png</string>
			<key>sourceTree</key>
			<string>&lt;group&gt;</string>
		</dict>
		<key>9C72DF9C19C71A90007E67A8</key>
		<dict>
			<key>fileRef</key>
			<string>9C72DF8D19C71A90007E67A8</string>
			<key>isa</key>
			<string>PBXBuildFile</string>
		</dict>
		<key>9C72DF9D19C71A90007E67A8</key>
		<dict>
			<key>fileRef</key>
			<string>9C72DF8E19C71A90007E67A8</string>
			<key>isa</key>
			<string>PBXBuildFile</string>
		</dict>
		<key>9C72DF9E19C71A90007E67A8</key>
		<dict>
			<key>fileRef</key>
			<string>9C72DF8F19C71A90007E67A8</string>
			<key>isa</key>
			<string>PBXBuildFile</string>
		</dict>
		<key>9C72DF9F19C71A90007E67A8</key>
		<dict>
			<key>fileRef</key>
			<string>9C72DF9019C71A90007E67A8</string>
			<key>isa</key>
			<string>PBXBuildFile</string>
		</dict>
		<key>9C72DFA019C71A90007E67A8</key>
		<dict>
			<key>fileRef</key>
			<string>9C72DF9119C71A90007E67A8</string>
			<key>isa</key>
			<string>PBXBuildFile</string>
		</dict>
		<key>9C72DFA119C71A90007E67A8</key>
		<dict>
			<key>fileRef</key>
			<string>9C72DF9219C71A90007E67A8</string>
			<key>isa</key>
			<string>PBXBuildFile</string>
		</dict>
		<key>9C72DFA219C71A90007E67A8</key>
		<dict>
			<key>fileRef</key>
			<string>9C72DF9319C71A90007E67A8</string>
			<key>isa</key>
			<string>PBXBuildFile</string>
		</dict>
		<key>9C72DFA319C71A90007E67A8</key>
		<dict>
			<key>fileRef</key>
			<string>9C72DF9519C71A90007E67A8</string>
			<key>isa</key>
			<string>PBXBuildFile</string>
		</dict>
		<key>9C72DFA419C71A90007E67A8</key>
		<dict>
			<key>fileRef</key>
			<string>9C72DF9619C71A90007E67A8</string>
			<key>isa</key>
			<string>PBXBuildFile</string>
		</dict>
		<key>9C72DFA519C71A90007E67A8</key>
		<dict>
			<key>fileRef</key>
			<string>9C72DF9719C71A90007E67A8</string>
			<key>isa</key>
			<string>PBXBuildFile</string>
		</dict>
		<key>9C72DFA619C71A90007E67A8</key>
		<dict>
			<key>fileRef</key>
			<string>9C72DF9819C71A90007E67A8</string>
			<key>isa</key>
			<string>PBXBuildFile</string>
		</dict>
		<key>9C72DFA719C71A90007E67A8</key>
		<dict>
			<key>fileRef</key>
			<string>9C72DF9919C71A90007E67A8</string>
			<key>isa</key>
			<string>PBXBuildFile</string>
		</dict>
		<key>9C72DFA819C71A90007E67A8</key>
		<dict>
			<key>fileRef</key>
			<string>9C72DF9A19C71A90007E67A8</string>
			<key>isa</key>
			<string>PBXBuildFile</string>
		</dict>
		<key>9C72DFA919C71A90007E67A8</key>
		<dict>
			<key>fileRef</key>
			<string>9C72DF9B19C71A90007E67A8</string>
			<key>isa</key>
			<string>PBXBuildFile</string>
		</dict>
		<key>9C75FC0E19CB3F7B004FA3C9</key>
		<dict>
			<key>isa</key>
			<string>PBXFileReference</string>
			<key>lastKnownFileType</key>
			<string>image.png</string>
			<key>path</key>
			<string>apple.png</string>
			<key>sourceTree</key>
			<string>&lt;group&gt;</string>
		</dict>
		<key>9C75FC0F19CB3F7B004FA3C9</key>
		<dict>
			<key>fileRef</key>
			<string>9C75FC0E19CB3F7B004FA3C9</string>
			<key>isa</key>
			<string>PBXBuildFile</string>
		</dict>
		<key>9C83F87419CB0E0400F150B4</key>
		<dict>
			<key>fileEncoding</key>
			<string>4</string>
			<key>isa</key>
			<string>PBXFileReference</string>
			<key>lastKnownFileType</key>
			<string>sourcecode.c.h</string>
			<key>path</key>
			<string>CommonPickerViewController.h</string>
			<key>sourceTree</key>
			<string>&lt;group&gt;</string>
		</dict>
		<key>9C83F87519CB0E0400F150B4</key>
		<dict>
			<key>fileEncoding</key>
			<string>4</string>
			<key>isa</key>
			<string>PBXFileReference</string>
			<key>lastKnownFileType</key>
			<string>sourcecode.c.objc</string>
			<key>path</key>
			<string>CommonPickerViewController.m</string>
			<key>sourceTree</key>
			<string>&lt;group&gt;</string>
		</dict>
		<key>9C83F87619CB0E0400F150B4</key>
		<dict>
			<key>fileRef</key>
			<string>9C83F87519CB0E0400F150B4</string>
			<key>isa</key>
			<string>PBXBuildFile</string>
		</dict>
		<key>9C83F87719CB0E3E00F150B4</key>
		<dict>
			<key>fileEncoding</key>
			<string>4</string>
			<key>isa</key>
			<string>PBXFileReference</string>
			<key>lastKnownFileType</key>
			<string>file.xib</string>
			<key>path</key>
			<string>CommonPickerViewController.xib</string>
			<key>sourceTree</key>
			<string>&lt;group&gt;</string>
		</dict>
		<key>9C83F87819CB0E3E00F150B4</key>
		<dict>
			<key>fileRef</key>
			<string>9C83F87719CB0E3E00F150B4</string>
			<key>isa</key>
			<string>PBXBuildFile</string>
		</dict>
		<key>9C8A6AF319D1767D000062F7</key>
		<dict>
			<key>children</key>
			<array>
				<string>9C8A6AF719D17EE6000062F7</string>
				<string>9C8A6AF819D17EE6000062F7</string>
				<string>9C8A6AFA19D17F01000062F7</string>
				<string>9CC85A8E1C8F3A3D00D70246</string>
			</array>
			<key>isa</key>
			<string>PBXGroup</string>
			<key>path</key>
			<string>CommonKeyboard</string>
			<key>sourceTree</key>
			<string>&lt;group&gt;</string>
		</dict>
		<key>9C8A6AF719D17EE6000062F7</key>
		<dict>
			<key>fileEncoding</key>
			<string>4</string>
			<key>isa</key>
			<string>PBXFileReference</string>
			<key>lastKnownFileType</key>
			<string>sourcecode.c.h</string>
			<key>path</key>
			<string>CommonKeyboardViewController.h</string>
			<key>sourceTree</key>
			<string>&lt;group&gt;</string>
		</dict>
		<key>9C8A6AF819D17EE6000062F7</key>
		<dict>
			<key>fileEncoding</key>
			<string>4</string>
			<key>isa</key>
			<string>PBXFileReference</string>
			<key>lastKnownFileType</key>
			<string>sourcecode.c.objc</string>
			<key>path</key>
			<string>CommonKeyboardViewController.m</string>
			<key>sourceTree</key>
			<string>&lt;group&gt;</string>
		</dict>
		<key>9C8A6AF919D17EE6000062F7</key>
		<dict>
			<key>fileRef</key>
			<string>9C8A6AF819D17EE6000062F7</string>
			<key>isa</key>
			<string>PBXBuildFile</string>
		</dict>
		<key>9C8A6AFA19D17F01000062F7</key>
		<dict>
			<key>fileEncoding</key>
			<string>4</string>
			<key>isa</key>
			<string>PBXFileReference</string>
			<key>lastKnownFileType</key>
			<string>file.xib</string>
			<key>path</key>
			<string>CommonKeyboardViewController.xib</string>
			<key>sourceTree</key>
			<string>&lt;group&gt;</string>
		</dict>
		<key>9C8A6AFB19D17F01000062F7</key>
		<dict>
			<key>fileRef</key>
			<string>9C8A6AFA19D17F01000062F7</string>
			<key>isa</key>
			<string>PBXBuildFile</string>
		</dict>
		<key>9C8C994619CADF5000A9E9B6</key>
		<dict>
			<key>children</key>
			<array>
				<string>9C83F87419CB0E0400F150B4</string>
				<string>9C83F87519CB0E0400F150B4</string>
				<string>9C83F87719CB0E3E00F150B4</string>
			</array>
			<key>isa</key>
			<string>PBXGroup</string>
			<key>path</key>
			<string>CommonPicker</string>
			<key>sourceTree</key>
			<string>&lt;group&gt;</string>
		</dict>
		<key>9CBBAE881BE0E6A7001D82FD</key>
		<dict>
			<key>children</key>
			<array>
				<string>9CBBAE891BE0E6A7001D82FD</string>
				<string>9CBBAE8A1BE0E6A7001D82FD</string>
			</array>
			<key>isa</key>
			<string>PBXGroup</string>
			<key>path</key>
			<string>FastImageCache</string>
			<key>sourceTree</key>
			<string>&lt;group&gt;</string>
		</dict>
		<key>9CBBAE891BE0E6A7001D82FD</key>
		<dict>
			<key>fileEncoding</key>
			<string>4</string>
			<key>isa</key>
			<string>PBXFileReference</string>
			<key>lastKnownFileType</key>
			<string>sourcecode.c.h</string>
			<key>path</key>
			<string>CUImage.h</string>
			<key>sourceTree</key>
			<string>&lt;group&gt;</string>
		</dict>
		<key>9CBBAE8A1BE0E6A7001D82FD</key>
		<dict>
			<key>fileEncoding</key>
			<string>4</string>
			<key>isa</key>
			<string>PBXFileReference</string>
			<key>lastKnownFileType</key>
			<string>sourcecode.c.objc</string>
			<key>path</key>
			<string>CUImage.m</string>
			<key>sourceTree</key>
			<string>&lt;group&gt;</string>
		</dict>
		<key>9CBBAE8B1BE0E6A7001D82FD</key>
		<dict>
			<key>fileRef</key>
			<string>9CBBAE8A1BE0E6A7001D82FD</string>
			<key>isa</key>
			<string>PBXBuildFile</string>
		</dict>
		<key>9CC719ED1A1B5E8A00CC0DF2</key>
		<dict>
			<key>children</key>
			<array>
				<string>9CC719FB1A1B5FA100CC0DF2</string>
				<string>9CC719FC1A1B5FA100CC0DF2</string>
				<string>9CC719EE1A1B5F4A00CC0DF2</string>
				<string>9CC719EF1A1B5F4A00CC0DF2</string>
				<string>9CC719F01A1B5F4A00CC0DF2</string>
				<string>9CC719F11A1B5F4A00CC0DF2</string>
				<string>9CC719F21A1B5F4A00CC0DF2</string>
				<string>9CC719F31A1B5F4A00CC0DF2</string>
				<string>9CC719F41A1B5F4A00CC0DF2</string>
				<string>9CC719F51A1B5F4A00CC0DF2</string>
			</array>
			<key>isa</key>
			<string>PBXGroup</string>
			<key>path</key>
			<string>CommonLogin</string>
			<key>sourceTree</key>
			<string>&lt;group&gt;</string>
		</dict>
		<key>9CC719EE1A1B5F4A00CC0DF2</key>
		<dict>
			<key>fileEncoding</key>
			<string>4</string>
			<key>isa</key>
			<string>PBXFileReference</string>
			<key>lastKnownFileType</key>
			<string>sourcecode.c.h</string>
			<key>path</key>
			<string>CommonLogin.h</string>
			<key>sourceTree</key>
			<string>&lt;group&gt;</string>
		</dict>
		<key>9CC719EF1A1B5F4A00CC0DF2</key>
		<dict>
			<key>fileEncoding</key>
			<string>4</string>
			<key>isa</key>
			<string>PBXFileReference</string>
			<key>lastKnownFileType</key>
			<string>sourcecode.c.objc</string>
			<key>path</key>
			<string>CommonLogin.m</string>
			<key>sourceTree</key>
			<string>&lt;group&gt;</string>
		</dict>
		<key>9CC719F01A1B5F4A00CC0DF2</key>
		<dict>
			<key>fileEncoding</key>
			<string>4</string>
			<key>isa</key>
			<string>PBXFileReference</string>
			<key>lastKnownFileType</key>
			<string>sourcecode.c.h</string>
			<key>path</key>
			<string>SFLoginButtonCell.h</string>
			<key>sourceTree</key>
			<string>&lt;group&gt;</string>
		</dict>
		<key>9CC719F11A1B5F4A00CC0DF2</key>
		<dict>
			<key>fileEncoding</key>
			<string>4</string>
			<key>isa</key>
			<string>PBXFileReference</string>
			<key>lastKnownFileType</key>
			<string>sourcecode.c.objc</string>
			<key>path</key>
			<string>SFLoginButtonCell.m</string>
			<key>sourceTree</key>
			<string>&lt;group&gt;</string>
		</dict>
		<key>9CC719F21A1B5F4A00CC0DF2</key>
		<dict>
			<key>fileEncoding</key>
			<string>4</string>
			<key>isa</key>
			<string>PBXFileReference</string>
			<key>lastKnownFileType</key>
			<string>file.xib</string>
			<key>path</key>
			<string>SFLoginButtonCell.xib</string>
			<key>sourceTree</key>
			<string>&lt;group&gt;</string>
		</dict>
		<key>9CC719F31A1B5F4A00CC0DF2</key>
		<dict>
			<key>fileEncoding</key>
			<string>4</string>
			<key>isa</key>
			<string>PBXFileReference</string>
			<key>lastKnownFileType</key>
			<string>sourcecode.c.h</string>
			<key>path</key>
			<string>SFLoginTextFieldCell.h</string>
			<key>sourceTree</key>
			<string>&lt;group&gt;</string>
		</dict>
		<key>9CC719F41A1B5F4A00CC0DF2</key>
		<dict>
			<key>fileEncoding</key>
			<string>4</string>
			<key>isa</key>
			<string>PBXFileReference</string>
			<key>lastKnownFileType</key>
			<string>sourcecode.c.objc</string>
			<key>path</key>
			<string>SFLoginTextFieldCell.m</string>
			<key>sourceTree</key>
			<string>&lt;group&gt;</string>
		</dict>
		<key>9CC719F51A1B5F4A00CC0DF2</key>
		<dict>
			<key>fileEncoding</key>
			<string>4</string>
			<key>isa</key>
			<string>PBXFileReference</string>
			<key>lastKnownFileType</key>
			<string>file.xib</string>
			<key>path</key>
			<string>SFLoginTextFieldCell.xib</string>
			<key>sourceTree</key>
			<string>&lt;group&gt;</string>
		</dict>
		<key>9CC719F61A1B5F4A00CC0DF2</key>
		<dict>
			<key>fileRef</key>
			<string>9CC719EF1A1B5F4A00CC0DF2</string>
			<key>isa</key>
			<string>PBXBuildFile</string>
		</dict>
		<key>9CC719F71A1B5F4A00CC0DF2</key>
		<dict>
			<key>fileRef</key>
			<string>9CC719F11A1B5F4A00CC0DF2</string>
			<key>isa</key>
			<string>PBXBuildFile</string>
		</dict>
		<key>9CC719F81A1B5F4A00CC0DF2</key>
		<dict>
			<key>fileRef</key>
			<string>9CC719F21A1B5F4A00CC0DF2</string>
			<key>isa</key>
			<string>PBXBuildFile</string>
		</dict>
		<key>9CC719F91A1B5F4A00CC0DF2</key>
		<dict>
			<key>fileRef</key>
			<string>9CC719F41A1B5F4A00CC0DF2</string>
			<key>isa</key>
			<string>PBXBuildFile</string>
		</dict>
		<key>9CC719FA1A1B5F4A00CC0DF2</key>
		<dict>
			<key>fileRef</key>
			<string>9CC719F51A1B5F4A00CC0DF2</string>
			<key>isa</key>
			<string>PBXBuildFile</string>
		</dict>
		<key>9CC719FB1A1B5FA100CC0DF2</key>
		<dict>
			<key>fileEncoding</key>
			<string>4</string>
			<key>isa</key>
			<string>PBXFileReference</string>
			<key>lastKnownFileType</key>
			<string>sourcecode.c.h</string>
			<key>path</key>
			<string>SFLoginCell.h</string>
			<key>sourceTree</key>
			<string>&lt;group&gt;</string>
		</dict>
		<key>9CC719FC1A1B5FA100CC0DF2</key>
		<dict>
			<key>fileEncoding</key>
			<string>4</string>
			<key>isa</key>
			<string>PBXFileReference</string>
			<key>lastKnownFileType</key>
			<string>sourcecode.c.objc</string>
			<key>path</key>
			<string>SFLoginCell.m</string>
			<key>sourceTree</key>
			<string>&lt;group&gt;</string>
		</dict>
		<key>9CC719FD1A1B5FA100CC0DF2</key>
		<dict>
			<key>fileRef</key>
			<string>9CC719FC1A1B5FA100CC0DF2</string>
			<key>isa</key>
			<string>PBXBuildFile</string>
		</dict>
		<key>9CC831D019E28041005A10A8</key>
		<dict>
			<key>children</key>
			<array>
				<string>9C1191F81A7BE033000B6090</string>
				<string>9C1191F91A7BE033000B6090</string>
				<string>9CC831D119E2805B005A10A8</string>
				<string>9CC831D219E2805B005A10A8</string>
				<string>9CC831D319E2805B005A10A8</string>
				<string>9CFCFD8A1A8E501900B847D2</string>
				<string>9CFCFD8B1A8E501900B847D2</string>
			</array>
			<key>isa</key>
			<string>PBXGroup</string>
			<key>path</key>
			<string>CommonProgress</string>
			<key>sourceTree</key>
			<string>&lt;group&gt;</string>
		</dict>
		<key>9CC831D119E2805B005A10A8</key>
		<dict>
			<key>fileEncoding</key>
			<string>4</string>
			<key>isa</key>
			<string>PBXFileReference</string>
			<key>lastKnownFileType</key>
			<string>sourcecode.c.h</string>
			<key>path</key>
			<string>CommonProgressViewController.h</string>
			<key>sourceTree</key>
			<string>&lt;group&gt;</string>
		</dict>
		<key>9CC831D219E2805B005A10A8</key>
		<dict>
			<key>fileEncoding</key>
			<string>4</string>
			<key>isa</key>
			<string>PBXFileReference</string>
			<key>lastKnownFileType</key>
			<string>sourcecode.c.objc</string>
			<key>path</key>
			<string>CommonProgressViewController.m</string>
			<key>sourceTree</key>
			<string>&lt;group&gt;</string>
		</dict>
		<key>9CC831D319E2805B005A10A8</key>
		<dict>
			<key>fileEncoding</key>
			<string>4</string>
			<key>isa</key>
			<string>PBXFileReference</string>
			<key>lastKnownFileType</key>
			<string>file.xib</string>
			<key>path</key>
			<string>CommonProgressViewController.xib</string>
			<key>sourceTree</key>
			<string>&lt;group&gt;</string>
		</dict>
		<key>9CC831D419E2805B005A10A8</key>
		<dict>
			<key>fileRef</key>
			<string>9CC831D219E2805B005A10A8</string>
			<key>isa</key>
			<string>PBXBuildFile</string>
		</dict>
		<key>9CC831D519E2805B005A10A8</key>
		<dict>
			<key>fileRef</key>
			<string>9CC831D319E2805B005A10A8</string>
			<key>isa</key>
			<string>PBXBuildFile</string>
		</dict>
		<key>9CC85A8E1C8F3A3D00D70246</key>
		<dict>
			<key>fileEncoding</key>
			<string>4</string>
			<key>isa</key>
			<string>PBXFileReference</string>
			<key>lastKnownFileType</key>
			<string>file.xib</string>
			<key>path</key>
			<string>TEST.xib</string>
			<key>sourceTree</key>
			<string>&lt;group&gt;</string>
		</dict>
		<key>9CC85A8F1C8F3A3D00D70246</key>
		<dict>
			<key>fileRef</key>
			<string>9CC85A8E1C8F3A3D00D70246</string>
			<key>isa</key>
			<string>PBXBuildFile</string>
		</dict>
		<key>9CCDD92E1A40462A0003EAF3</key>
		<dict>
			<key>children</key>
			<array>
				<string>9CCDD92F1A40462A0003EAF3</string>
				<string>9CCDD9301A40462A0003EAF3</string>
				<string>9CCDD9311A40462A0003EAF3</string>
			</array>
			<key>isa</key>
			<string>PBXGroup</string>
			<key>path</key>
			<string>CommonBarcode</string>
			<key>sourceTree</key>
			<string>&lt;group&gt;</string>
		</dict>
		<key>9CCDD92F1A40462A0003EAF3</key>
		<dict>
			<key>fileEncoding</key>
			<string>4</string>
			<key>isa</key>
			<string>PBXFileReference</string>
			<key>lastKnownFileType</key>
			<string>sourcecode.c.h</string>
			<key>path</key>
			<string>CommonBarcodeController.h</string>
			<key>sourceTree</key>
			<string>&lt;group&gt;</string>
		</dict>
		<key>9CCDD9301A40462A0003EAF3</key>
		<dict>
			<key>fileEncoding</key>
			<string>4</string>
			<key>isa</key>
			<string>PBXFileReference</string>
			<key>lastKnownFileType</key>
			<string>sourcecode.c.objc</string>
			<key>path</key>
			<string>CommonBarcodeController.m</string>
			<key>sourceTree</key>
			<string>&lt;group&gt;</string>
		</dict>
		<key>9CCDD9311A40462A0003EAF3</key>
		<dict>
			<key>fileEncoding</key>
			<string>4</string>
			<key>isa</key>
			<string>PBXFileReference</string>
			<key>lastKnownFileType</key>
			<string>file.xib</string>
			<key>path</key>
			<string>CommonBarcodeController.xib</string>
			<key>sourceTree</key>
			<string>&lt;group&gt;</string>
		</dict>
		<key>9CCDD9321A40462A0003EAF3</key>
		<dict>
			<key>fileRef</key>
			<string>9CCDD9301A40462A0003EAF3</string>
			<key>isa</key>
			<string>PBXBuildFile</string>
		</dict>
		<key>9CCDD9331A40462A0003EAF3</key>
		<dict>
			<key>fileRef</key>
			<string>9CCDD9311A40462A0003EAF3</string>
			<key>isa</key>
			<string>PBXBuildFile</string>
		</dict>
		<key>9CD9F78E196EA78500EBBD85</key>
		<dict>
			<key>children</key>
			<array>
				<string>9CD9F80A196EA88000EBBD85</string>
				<string>9CD9F7A0196EA78500EBBD85</string>
				<string>9CD9F799196EA78500EBBD85</string>
				<string>9CD9F798196EA78500EBBD85</string>
				<string>916CAA4DD7A46D613F2513D1</string>
			</array>
			<key>isa</key>
			<string>PBXGroup</string>
			<key>sourceTree</key>
			<string>&lt;group&gt;</string>
		</dict>
		<key>9CD9F78F196EA78500EBBD85</key>
		<dict>
			<key>attributes</key>
			<dict>
				<key>LastUpgradeCheck</key>
				<string>0720</string>
				<key>ORGANIZATIONNAME</key>
				<string>Karen Lusinyan</string>
				<key>TargetAttributes</key>
				<dict>
					<key>9CD9F796196EA78500EBBD85</key>
					<dict>
						<key>DevelopmentTeam</key>
						<string>6QAZDAW6QU</string>
					</dict>
				</dict>
			</dict>
			<key>buildConfigurationList</key>
			<string>9CD9F792196EA78500EBBD85</string>
			<key>compatibilityVersion</key>
			<string>Xcode 3.2</string>
			<key>developmentRegion</key>
			<string>English</string>
			<key>hasScannedForEncodings</key>
			<string>0</string>
			<key>isa</key>
			<string>PBXProject</string>
			<key>knownRegions</key>
			<array>
				<string>en</string>
				<string>Base</string>
				<string>it</string>
			</array>
			<key>mainGroup</key>
			<string>9CD9F78E196EA78500EBBD85</string>
			<key>productRefGroup</key>
			<string>9CD9F798196EA78500EBBD85</string>
			<key>projectDirPath</key>
			<string></string>
			<key>projectReferences</key>
			<array/>
			<key>projectRoot</key>
			<string></string>
			<key>targets</key>
			<array>
				<string>9CD9F796196EA78500EBBD85</string>
			</array>
		</dict>
		<key>9CD9F792196EA78500EBBD85</key>
		<dict>
			<key>buildConfigurations</key>
			<array>
				<string>9CD9F7CA196EA78500EBBD85</string>
				<string>9C2AC98A19EAA89F00588538</string>
			</array>
			<key>defaultConfigurationIsVisible</key>
			<string>0</string>
			<key>defaultConfigurationName</key>
			<string>Debug</string>
			<key>isa</key>
			<string>XCConfigurationList</string>
		</dict>
		<key>9CD9F793196EA78500EBBD85</key>
		<dict>
			<key>buildActionMask</key>
			<string>2147483647</string>
			<key>files</key>
			<array>
				<string>9CC719F71A1B5F4A00CC0DF2</string>
				<string>9C72DF8B19C719AB007E67A8</string>
				<string>9CD9F7FC196EA7D400EBBD85</string>
				<string>9CD9F7FB196EA7D400EBBD85</string>
				<string>9C83F87619CB0E0400F150B4</string>
				<string>9CD9F801196EA7D400EBBD85</string>
				<string>9CD9F802196EA7D400EBBD85</string>
				<string>9CBBAE8B1BE0E6A7001D82FD</string>
				<string>9CD9F7F8196EA7D400EBBD85</string>
				<string>9CC719FD1A1B5FA100CC0DF2</string>
				<string>9CD9F7FF196EA7D400EBBD85</string>
				<string>9C1191FA1A7BE033000B6090</string>
				<string>9CD9F806196EA7D400EBBD85</string>
				<string>9CC719F61A1B5F4A00CC0DF2</string>
				<string>9CFCFD8D1A8E501900B847D2</string>
				<string>9CD9F804196EA7D400EBBD85</string>
				<string>9CD9F808196EA7D400EBBD85</string>
				<string>9CC719F91A1B5F4A00CC0DF2</string>
				<string>9C72DF8919C719AB007E67A8</string>
				<string>9CCDD9321A40462A0003EAF3</string>
				<string>9CD9F7FD196EA7D400EBBD85</string>
				<string>9C8A6AF919D17EE6000062F7</string>
				<string>9CD9F807196EA7D400EBBD85</string>
				<string>9CC831D419E2805B005A10A8</string>
				<string>9CD9F803196EA7D400EBBD85</string>
			</array>
			<key>isa</key>
			<string>PBXSourcesBuildPhase</string>
			<key>runOnlyForDeploymentPostprocessing</key>
			<string>0</string>
		</dict>
		<key>9CD9F794196EA78500EBBD85</key>
		<dict>
			<key>buildActionMask</key>
			<string>2147483647</string>
			<key>files</key>
			<array>
				<string>9CD9F79D196EA78500EBBD85</string>
				<string>9CD9F79F196EA78500EBBD85</string>
				<string>9CD9F79B196EA78500EBBD85</string>
				<string>7E4DD400254EC95C0F46FB39</string>
			</array>
			<key>isa</key>
			<string>PBXFrameworksBuildPhase</string>
			<key>runOnlyForDeploymentPostprocessing</key>
			<string>0</string>
		</dict>
		<key>9CD9F795196EA78500EBBD85</key>
		<dict>
			<key>buildActionMask</key>
			<string>2147483647</string>
			<key>files</key>
			<array>
				<string>9CD9F800196EA7D400EBBD85</string>
				<string>9C72DFA719C71A90007E67A8</string>
				<string>9C83F87819CB0E3E00F150B4</string>
				<string>9C72DFA319C71A90007E67A8</string>
				<string>9C72DF9D19C71A90007E67A8</string>
				<string>9CD9F7FE196EA7D400EBBD85</string>
				<string>9C72DFA119C71A90007E67A8</string>
				<string>9C72DF8A19C719AB007E67A8</string>
				<string>9C72DF9E19C71A90007E67A8</string>
				<string>9C72DFA019C71A90007E67A8</string>
				<string>9CC85A8F1C8F3A3D00D70246</string>
				<string>9C72DFA619C71A90007E67A8</string>
				<string>9C06AD3A1ACBFD3E00B72F6C</string>
				<string>9C72DF9F19C71A90007E67A8</string>
				<string>9CC719FA1A1B5F4A00CC0DF2</string>
				<string>9C01923419D2E5D000E8E9E3</string>
				<string>9CCDD9331A40462A0003EAF3</string>
				<string>9CD9F814196EAA5500EBBD85</string>
				<string>9CD9F805196EA7D400EBBD85</string>
				<string>9C72DF9C19C71A90007E67A8</string>
				<string>9C72DFA419C71A90007E67A8</string>
				<string>9C72DFA919C71A90007E67A8</string>
				<string>9C72DFA219C71A90007E67A8</string>
				<string>9C8A6AFB19D17F01000062F7</string>
				<string>9CD9F812196EAA5500EBBD85</string>
				<string>9CD9F813196EAA5500EBBD85</string>
				<string>9CD9F811196EAA5500EBBD85</string>
				<string>9C72DFA519C71A90007E67A8</string>
				<string>9CC719F81A1B5F4A00CC0DF2</string>
				<string>9CC831D519E2805B005A10A8</string>
				<string>9C75FC0F19CB3F7B004FA3C9</string>
				<string>9C72DFA819C71A90007E67A8</string>
				<string>9CEF22761A9F6B77009CF266</string>
			</array>
			<key>isa</key>
			<string>PBXResourcesBuildPhase</string>
			<key>runOnlyForDeploymentPostprocessing</key>
			<string>0</string>
		</dict>
		<key>9CD9F796196EA78500EBBD85</key>
		<dict>
			<key>buildConfigurationList</key>
			<string>9CD9F7CC196EA78500EBBD85</string>
			<key>buildPhases</key>
			<array>
				<string>5A91DF2CF6BFBAA6A4A5A457</string>
				<string>9CD9F793196EA78500EBBD85</string>
				<string>9CD9F794196EA78500EBBD85</string>
				<string>9CD9F795196EA78500EBBD85</string>
				<string>99A6CDA5D64C21998DD7A5DE</string>
				<string>39F763689F1701DF2FE3BFD6</string>
			</array>
			<key>buildRules</key>
			<array/>
			<key>dependencies</key>
			<array/>
			<key>isa</key>
			<string>PBXNativeTarget</string>
			<key>name</key>
			<string>CommonUtilsTest</string>
			<key>productName</key>
			<string>CommonUtilsTest</string>
			<key>productReference</key>
			<string>9CD9F797196EA78500EBBD85</string>
			<key>productType</key>
			<string>com.apple.product-type.application</string>
		</dict>
		<key>9CD9F797196EA78500EBBD85</key>
		<dict>
			<key>explicitFileType</key>
			<string>wrapper.application</string>
			<key>includeInIndex</key>
			<string>0</string>
			<key>isa</key>
			<string>PBXFileReference</string>
			<key>path</key>
			<string>CommonUtilsTest.app</string>
			<key>sourceTree</key>
			<string>BUILT_PRODUCTS_DIR</string>
		</dict>
		<key>9CD9F798196EA78500EBBD85</key>
		<dict>
			<key>children</key>
			<array>
				<string>9CD9F797196EA78500EBBD85</string>
			</array>
			<key>isa</key>
			<string>PBXGroup</string>
			<key>name</key>
			<string>Products</string>
			<key>sourceTree</key>
			<string>&lt;group&gt;</string>
		</dict>
		<key>9CD9F799196EA78500EBBD85</key>
		<dict>
			<key>children</key>
			<array>
				<string>9CD9F79A196EA78500EBBD85</string>
				<string>9CD9F79C196EA78500EBBD85</string>
				<string>9CD9F79E196EA78500EBBD85</string>
				<string>9CD9F7BC196EA78500EBBD85</string>
				<string>6FFBE1B8D682F90890EE625E</string>
			</array>
			<key>isa</key>
			<string>PBXGroup</string>
			<key>name</key>
			<string>Frameworks</string>
			<key>sourceTree</key>
			<string>&lt;group&gt;</string>
		</dict>
		<key>9CD9F79A196EA78500EBBD85</key>
		<dict>
			<key>isa</key>
			<string>PBXFileReference</string>
			<key>lastKnownFileType</key>
			<string>wrapper.framework</string>
			<key>name</key>
			<string>Foundation.framework</string>
			<key>path</key>
			<string>System/Library/Frameworks/Foundation.framework</string>
			<key>sourceTree</key>
			<string>SDKROOT</string>
		</dict>
		<key>9CD9F79B196EA78500EBBD85</key>
		<dict>
			<key>fileRef</key>
			<string>9CD9F79A196EA78500EBBD85</string>
			<key>isa</key>
			<string>PBXBuildFile</string>
		</dict>
		<key>9CD9F79C196EA78500EBBD85</key>
		<dict>
			<key>isa</key>
			<string>PBXFileReference</string>
			<key>lastKnownFileType</key>
			<string>wrapper.framework</string>
			<key>name</key>
			<string>CoreGraphics.framework</string>
			<key>path</key>
			<string>System/Library/Frameworks/CoreGraphics.framework</string>
			<key>sourceTree</key>
			<string>SDKROOT</string>
		</dict>
		<key>9CD9F79D196EA78500EBBD85</key>
		<dict>
			<key>fileRef</key>
			<string>9CD9F79C196EA78500EBBD85</string>
			<key>isa</key>
			<string>PBXBuildFile</string>
		</dict>
		<key>9CD9F79E196EA78500EBBD85</key>
		<dict>
			<key>isa</key>
			<string>PBXFileReference</string>
			<key>lastKnownFileType</key>
			<string>wrapper.framework</string>
			<key>name</key>
			<string>UIKit.framework</string>
			<key>path</key>
			<string>System/Library/Frameworks/UIKit.framework</string>
			<key>sourceTree</key>
			<string>SDKROOT</string>
		</dict>
		<key>9CD9F79F196EA78500EBBD85</key>
		<dict>
			<key>fileRef</key>
			<string>9CD9F79E196EA78500EBBD85</string>
			<key>isa</key>
			<string>PBXBuildFile</string>
		</dict>
		<key>9CD9F7A0196EA78500EBBD85</key>
		<dict>
			<key>children</key>
			<array>
				<string>9CD9F7D2196EA7D400EBBD85</string>
				<string>9CD9F80B196EAA5500EBBD85</string>
				<string>9CD9F7A1196EA78500EBBD85</string>
			</array>
			<key>isa</key>
			<string>PBXGroup</string>
			<key>path</key>
			<string>CommonUtilsTest</string>
			<key>sourceTree</key>
			<string>&lt;group&gt;</string>
		</dict>
		<key>9CD9F7A1196EA78500EBBD85</key>
		<dict>
			<key>children</key>
			<array>
				<string>9CD9F7A2196EA78500EBBD85</string>
				<string>9CD9F7A8196EA78500EBBD85</string>
			</array>
			<key>isa</key>
			<string>PBXGroup</string>
			<key>name</key>
			<string>Supporting Files</string>
			<key>sourceTree</key>
			<string>&lt;group&gt;</string>
		</dict>
		<key>9CD9F7A2196EA78500EBBD85</key>
		<dict>
			<key>isa</key>
			<string>PBXFileReference</string>
			<key>lastKnownFileType</key>
			<string>text.plist.xml</string>
			<key>path</key>
			<string>CommonUtilsTest-Info.plist</string>
			<key>sourceTree</key>
			<string>&lt;group&gt;</string>
		</dict>
		<key>9CD9F7A8196EA78500EBBD85</key>
		<dict>
			<key>isa</key>
			<string>PBXFileReference</string>
			<key>lastKnownFileType</key>
			<string>sourcecode.c.h</string>
			<key>path</key>
			<string>CommonUtilsTest-Prefix.pch</string>
			<key>sourceTree</key>
			<string>&lt;group&gt;</string>
		</dict>
		<key>9CD9F7BC196EA78500EBBD85</key>
		<dict>
			<key>isa</key>
			<string>PBXFileReference</string>
			<key>lastKnownFileType</key>
			<string>wrapper.framework</string>
			<key>name</key>
			<string>XCTest.framework</string>
			<key>path</key>
			<string>Library/Frameworks/XCTest.framework</string>
			<key>sourceTree</key>
			<string>DEVELOPER_DIR</string>
		</dict>
		<key>9CD9F7CA196EA78500EBBD85</key>
		<dict>
			<key>buildSettings</key>
			<dict>
				<key>ALWAYS_SEARCH_USER_PATHS</key>
				<string>NO</string>
				<key>CLANG_CXX_LANGUAGE_STANDARD</key>
				<string>gnu++0x</string>
				<key>CLANG_CXX_LIBRARY</key>
				<string>libc++</string>
				<key>CLANG_ENABLE_MODULES</key>
				<string>YES</string>
				<key>CLANG_ENABLE_OBJC_ARC</key>
				<string>YES</string>
				<key>CLANG_WARN_BOOL_CONVERSION</key>
				<string>YES</string>
				<key>CLANG_WARN_CONSTANT_CONVERSION</key>
				<string>YES</string>
				<key>CLANG_WARN_DIRECT_OBJC_ISA_USAGE</key>
				<string>YES_ERROR</string>
				<key>CLANG_WARN_EMPTY_BODY</key>
				<string>YES</string>
				<key>CLANG_WARN_ENUM_CONVERSION</key>
				<string>YES</string>
				<key>CLANG_WARN_INT_CONVERSION</key>
				<string>YES</string>
				<key>CLANG_WARN_OBJC_ROOT_CLASS</key>
				<string>YES_ERROR</string>
				<key>CLANG_WARN__DUPLICATE_METHOD_MATCH</key>
				<string>YES</string>
				<key>CODE_SIGN_IDENTITY[sdk=iphoneos*]</key>
				<string>iPhone Developer</string>
				<key>COPY_PHASE_STRIP</key>
				<string>NO</string>
				<key>ENABLE_TESTABILITY</key>
				<string>YES</string>
				<key>GCC_C_LANGUAGE_STANDARD</key>
				<string>gnu99</string>
				<key>GCC_DYNAMIC_NO_PIC</key>
				<string>NO</string>
				<key>GCC_OPTIMIZATION_LEVEL</key>
				<string>0</string>
				<key>GCC_PREPROCESSOR_DEFINITIONS</key>
				<array>
					<string>DEBUG=1</string>
					<string>$(inherited)</string>
				</array>
				<key>GCC_SYMBOLS_PRIVATE_EXTERN</key>
				<string>NO</string>
				<key>GCC_WARN_64_TO_32_BIT_CONVERSION</key>
				<string>YES</string>
				<key>GCC_WARN_ABOUT_RETURN_TYPE</key>
				<string>YES_ERROR</string>
				<key>GCC_WARN_UNDECLARED_SELECTOR</key>
				<string>YES</string>
				<key>GCC_WARN_UNINITIALIZED_AUTOS</key>
				<string>YES_AGGRESSIVE</string>
				<key>GCC_WARN_UNUSED_FUNCTION</key>
				<string>YES</string>
				<key>GCC_WARN_UNUSED_VARIABLE</key>
				<string>YES</string>
				<key>IPHONEOS_DEPLOYMENT_TARGET</key>
				<string>7.0</string>
				<key>ONLY_ACTIVE_ARCH</key>
				<string>YES</string>
				<key>SDKROOT</key>
				<string>iphoneos</string>
				<key>TARGETED_DEVICE_FAMILY</key>
				<string>1,2</string>
			</dict>
			<key>isa</key>
			<string>XCBuildConfiguration</string>
			<key>name</key>
			<string>Debug</string>
		</dict>
		<key>9CD9F7CC196EA78500EBBD85</key>
		<dict>
			<key>buildConfigurations</key>
			<array>
				<string>9CD9F7CD196EA78500EBBD85</string>
				<string>9C2AC98B19EAA89F00588538</string>
			</array>
			<key>defaultConfigurationIsVisible</key>
			<string>0</string>
			<key>defaultConfigurationName</key>
			<string>Debug</string>
			<key>isa</key>
			<string>XCConfigurationList</string>
		</dict>
		<key>9CD9F7CD196EA78500EBBD85</key>
		<dict>
			<key>baseConfigurationReference</key>
			<string>D39560146128DD30EB7B6AA9</string>
			<key>buildSettings</key>
			<dict>
				<key>ASSETCATALOG_COMPILER_APPICON_NAME</key>
				<string>AppIcon</string>
				<key>ASSETCATALOG_COMPILER_LAUNCHIMAGE_NAME</key>
				<string>LaunchImage</string>
				<key>CLANG_ALLOW_NON_MODULAR_INCLUDES_IN_FRAMEWORK_MODULES</key>
				<string>YES</string>
				<key>CODE_SIGN_IDENTITY</key>
				<string>iPhone Developer</string>
				<key>CODE_SIGN_IDENTITY[sdk=iphoneos*]</key>
				<string>iPhone Developer</string>
				<key>ENABLE_BITCODE</key>
				<string>YES</string>
				<key>GCC_PRECOMPILE_PREFIX_HEADER</key>
				<string>YES</string>
				<key>GCC_PREFIX_HEADER</key>
				<string>CommonUtilsTest/CommonUtilsTest-Prefix.pch</string>
				<key>HEADER_SEARCH_PATHS</key>
				<array>
					<string>$(inherited)</string>
					<string>$(PROJECT_DIR)/Pods/Headers/**</string>
				</array>
				<key>INFOPLIST_FILE</key>
				<string>CommonUtilsTest/CommonUtilsTest-Info.plist</string>
				<key>IPHONEOS_DEPLOYMENT_TARGET</key>
				<string>7.0</string>
				<key>OTHER_CFLAGS</key>
				<string>$(inherited)</string>
				<key>PRODUCT_BUNDLE_IDENTIFIER</key>
				<string>com.karenlusinyan.${PRODUCT_NAME:rfc1034identifier}</string>
				<key>PRODUCT_NAME</key>
				<string>$(TARGET_NAME)</string>
				<key>PROVISIONING_PROFILE</key>
				<string></string>
				<key>TARGETED_DEVICE_FAMILY</key>
				<string>1,2</string>
				<key>WRAPPER_EXTENSION</key>
				<string>app</string>
			</dict>
			<key>isa</key>
			<string>XCBuildConfiguration</string>
			<key>name</key>
			<string>Debug</string>
		</dict>
		<key>9CD9F7D2196EA7D400EBBD85</key>
		<dict>
			<key>children</key>
			<array>
				<string>9CD9F7D3196EA7D400EBBD85</string>
				<string>9CD9F7D4196EA7D400EBBD85</string>
				<string>9CD9F7EB196EA7D400EBBD85</string>
				<string>9CBBAE881BE0E6A7001D82FD</string>
				<string>9CC719ED1A1B5E8A00CC0DF2</string>
				<string>9CC831D019E28041005A10A8</string>
				<string>9C8A6AF319D1767D000062F7</string>
				<string>9C8C994619CADF5000A9E9B6</string>
				<string>9C72DF8119C7193E007E67A8</string>
				<string>9CCDD92E1A40462A0003EAF3</string>
				<string>9CD9F7DA196EA7D400EBBD85</string>
				<string>9CD9F7EC196EA7D400EBBD85</string>
				<string>9CD9F7F0196EA7D400EBBD85</string>
				<string>9CD9F7F3196EA7D400EBBD85</string>
				<string>9CD9F7F6196EA7D400EBBD85</string>
				<string>9CD9F7F7196EA7D400EBBD85</string>
			</array>
			<key>isa</key>
			<string>PBXGroup</string>
			<key>path</key>
			<string>Classes</string>
			<key>sourceTree</key>
			<string>&lt;group&gt;</string>
		</dict>
		<key>9CD9F7D3196EA7D400EBBD85</key>
		<dict>
			<key>fileEncoding</key>
			<string>4</string>
			<key>isa</key>
			<string>PBXFileReference</string>
			<key>lastKnownFileType</key>
			<string>sourcecode.c.h</string>
			<key>path</key>
			<string>AppDelegate.h</string>
			<key>sourceTree</key>
			<string>&lt;group&gt;</string>
		</dict>
		<key>9CD9F7D4196EA7D400EBBD85</key>
		<dict>
			<key>fileEncoding</key>
			<string>4</string>
			<key>isa</key>
			<string>PBXFileReference</string>
			<key>lastKnownFileType</key>
			<string>sourcecode.c.objc</string>
			<key>path</key>
			<string>AppDelegate.m</string>
			<key>sourceTree</key>
			<string>&lt;group&gt;</string>
		</dict>
		<key>9CD9F7DA196EA7D400EBBD85</key>
		<dict>
			<key>children</key>
			<array>
				<string>9CD9F7DB196EA7D400EBBD85</string>
				<string>9CD9F7E8196EA7D400EBBD85</string>
			</array>
			<key>isa</key>
			<string>PBXGroup</string>
			<key>path</key>
			<string>CustomTransitions</string>
			<key>sourceTree</key>
			<string>&lt;group&gt;</string>
		</dict>
		<key>9CD9F7DB196EA7D400EBBD85</key>
		<dict>
			<key>children</key>
			<array>
				<string>9CD9F7DC196EA7D400EBBD85</string>
				<string>9CD9F7DD196EA7D400EBBD85</string>
				<string>9CD9F7DE196EA7D400EBBD85</string>
				<string>9CD9F7DF196EA7D400EBBD85</string>
				<string>9CD9F7E0196EA7D400EBBD85</string>
				<string>9CD9F7E1196EA7D400EBBD85</string>
				<string>9CD9F7E2196EA7D400EBBD85</string>
				<string>9CD9F7E3196EA7D400EBBD85</string>
				<string>9CD9F7E4196EA7D400EBBD85</string>
				<string>9CD9F7E5196EA7D400EBBD85</string>
				<string>9CD9F7E6196EA7D400EBBD85</string>
				<string>9CD9F7E7196EA7D400EBBD85</string>
			</array>
			<key>isa</key>
			<string>PBXGroup</string>
			<key>path</key>
			<string>VIewControllers</string>
			<key>sourceTree</key>
			<string>&lt;group&gt;</string>
		</dict>
		<key>9CD9F7DC196EA7D400EBBD85</key>
		<dict>
			<key>fileEncoding</key>
			<string>4</string>
			<key>isa</key>
			<string>PBXFileReference</string>
			<key>lastKnownFileType</key>
			<string>sourcecode.c.h</string>
			<key>path</key>
			<string>BaseViewController.h</string>
			<key>sourceTree</key>
			<string>&lt;group&gt;</string>
		</dict>
		<key>9CD9F7DD196EA7D400EBBD85</key>
		<dict>
			<key>fileEncoding</key>
			<string>4</string>
			<key>isa</key>
			<string>PBXFileReference</string>
			<key>lastKnownFileType</key>
			<string>sourcecode.c.objc</string>
			<key>path</key>
			<string>BaseViewController.m</string>
			<key>sourceTree</key>
			<string>&lt;group&gt;</string>
		</dict>
		<key>9CD9F7DE196EA7D400EBBD85</key>
		<dict>
			<key>fileEncoding</key>
			<string>4</string>
			<key>isa</key>
			<string>PBXFileReference</string>
			<key>lastKnownFileType</key>
			<string>sourcecode.c.h</string>
			<key>path</key>
			<string>HostViewController.h</string>
			<key>sourceTree</key>
			<string>&lt;group&gt;</string>
		</dict>
		<key>9CD9F7DF196EA7D400EBBD85</key>
		<dict>
			<key>fileEncoding</key>
			<string>4</string>
			<key>isa</key>
			<string>PBXFileReference</string>
			<key>lastKnownFileType</key>
			<string>sourcecode.c.objc</string>
			<key>path</key>
			<string>HostViewController.m</string>
			<key>sourceTree</key>
			<string>&lt;group&gt;</string>
		</dict>
		<key>9CD9F7E0196EA7D400EBBD85</key>
		<dict>
			<key>fileEncoding</key>
			<string>4</string>
			<key>isa</key>
			<string>PBXFileReference</string>
			<key>lastKnownFileType</key>
			<string>sourcecode.c.h</string>
			<key>path</key>
			<string>MainViewController.h</string>
			<key>sourceTree</key>
			<string>&lt;group&gt;</string>
		</dict>
		<key>9CD9F7E1196EA7D400EBBD85</key>
		<dict>
			<key>fileEncoding</key>
			<string>4</string>
			<key>isa</key>
			<string>PBXFileReference</string>
			<key>lastKnownFileType</key>
			<string>sourcecode.c.objc</string>
			<key>path</key>
			<string>MainViewController.m</string>
			<key>sourceTree</key>
			<string>&lt;group&gt;</string>
		</dict>
		<key>9CD9F7E2196EA7D400EBBD85</key>
		<dict>
			<key>fileEncoding</key>
			<string>4</string>
			<key>isa</key>
			<string>PBXFileReference</string>
			<key>lastKnownFileType</key>
			<string>file.xib</string>
			<key>path</key>
			<string>MainViewController.xib</string>
			<key>sourceTree</key>
			<string>&lt;group&gt;</string>
		</dict>
		<key>9CD9F7E3196EA7D400EBBD85</key>
		<dict>
			<key>fileEncoding</key>
			<string>4</string>
			<key>isa</key>
			<string>PBXFileReference</string>
			<key>lastKnownFileType</key>
			<string>sourcecode.c.h</string>
			<key>path</key>
			<string>ModalViewController.h</string>
			<key>sourceTree</key>
			<string>&lt;group&gt;</string>
		</dict>
		<key>9CD9F7E4196EA7D400EBBD85</key>
		<dict>
			<key>fileEncoding</key>
			<string>4</string>
			<key>isa</key>
			<string>PBXFileReference</string>
			<key>lastKnownFileType</key>
			<string>sourcecode.c.objc</string>
			<key>path</key>
			<string>ModalViewController.m</string>
			<key>sourceTree</key>
			<string>&lt;group&gt;</string>
		</dict>
		<key>9CD9F7E5196EA7D400EBBD85</key>
		<dict>
			<key>fileEncoding</key>
			<string>4</string>
			<key>isa</key>
			<string>PBXFileReference</string>
			<key>lastKnownFileType</key>
			<string>file.xib</string>
			<key>path</key>
			<string>ModalViewController.xib</string>
			<key>sourceTree</key>
			<string>&lt;group&gt;</string>
		</dict>
		<key>9CD9F7E6196EA7D400EBBD85</key>
		<dict>
			<key>fileEncoding</key>
			<string>4</string>
			<key>isa</key>
			<string>PBXFileReference</string>
			<key>lastKnownFileType</key>
			<string>sourcecode.c.h</string>
			<key>path</key>
			<string>NavigationControllerController.h</string>
			<key>sourceTree</key>
			<string>&lt;group&gt;</string>
		</dict>
		<key>9CD9F7E7196EA7D400EBBD85</key>
		<dict>
			<key>fileEncoding</key>
			<string>4</string>
			<key>isa</key>
			<string>PBXFileReference</string>
			<key>lastKnownFileType</key>
			<string>sourcecode.c.objc</string>
			<key>path</key>
			<string>NavigationControllerController.m</string>
			<key>sourceTree</key>
			<string>&lt;group&gt;</string>
		</dict>
		<key>9CD9F7E8196EA7D400EBBD85</key>
		<dict>
			<key>children</key>
			<array>
				<string>9CD9F7E9196EA7D400EBBD85</string>
				<string>9CD9F7EA196EA7D400EBBD85</string>
			</array>
			<key>isa</key>
			<string>PBXGroup</string>
			<key>path</key>
			<string>Views</string>
			<key>sourceTree</key>
			<string>&lt;group&gt;</string>
		</dict>
		<key>9CD9F7E9196EA7D400EBBD85</key>
		<dict>
			<key>fileEncoding</key>
			<string>4</string>
			<key>isa</key>
			<string>PBXFileReference</string>
			<key>lastKnownFileType</key>
			<string>sourcecode.c.h</string>
			<key>path</key>
			<string>CustomCell.h</string>
			<key>sourceTree</key>
			<string>&lt;group&gt;</string>
		</dict>
		<key>9CD9F7EA196EA7D400EBBD85</key>
		<dict>
			<key>fileEncoding</key>
			<string>4</string>
			<key>isa</key>
			<string>PBXFileReference</string>
			<key>lastKnownFileType</key>
			<string>sourcecode.c.objc</string>
			<key>path</key>
			<string>CustomCell.m</string>
			<key>sourceTree</key>
			<string>&lt;group&gt;</string>
		</dict>
		<key>9CD9F7EB196EA7D400EBBD85</key>
		<dict>
			<key>fileEncoding</key>
			<string>4</string>
			<key>isa</key>
			<string>PBXFileReference</string>
			<key>lastKnownFileType</key>
			<string>sourcecode.c.objc</string>
			<key>path</key>
			<string>main.m</string>
			<key>sourceTree</key>
			<string>&lt;group&gt;</string>
		</dict>
		<key>9CD9F7EC196EA7D400EBBD85</key>
		<dict>
			<key>children</key>
			<array>
				<string>9CD9F7ED196EA7D400EBBD85</string>
				<string>9CD9F7EE196EA7D400EBBD85</string>
				<string>9CD9F7EF196EA7D400EBBD85</string>
			</array>
			<key>isa</key>
			<string>PBXGroup</string>
			<key>path</key>
			<string>ProgressView</string>
			<key>sourceTree</key>
			<string>&lt;group&gt;</string>
		</dict>
		<key>9CD9F7ED196EA7D400EBBD85</key>
		<dict>
			<key>fileEncoding</key>
			<string>4</string>
			<key>isa</key>
			<string>PBXFileReference</string>
			<key>lastKnownFileType</key>
			<string>sourcecode.c.h</string>
			<key>path</key>
			<string>ProgressViewController.h</string>
			<key>sourceTree</key>
			<string>&lt;group&gt;</string>
		</dict>
		<key>9CD9F7EE196EA7D400EBBD85</key>
		<dict>
			<key>fileEncoding</key>
			<string>4</string>
			<key>isa</key>
			<string>PBXFileReference</string>
			<key>lastKnownFileType</key>
			<string>sourcecode.c.objc</string>
			<key>path</key>
			<string>ProgressViewController.m</string>
			<key>sourceTree</key>
			<string>&lt;group&gt;</string>
		</dict>
		<key>9CD9F7EF196EA7D400EBBD85</key>
		<dict>
			<key>fileEncoding</key>
			<string>4</string>
			<key>isa</key>
			<string>PBXFileReference</string>
			<key>lastKnownFileType</key>
			<string>file.xib</string>
			<key>path</key>
			<string>ProgressViewController.xib</string>
			<key>sourceTree</key>
			<string>&lt;group&gt;</string>
		</dict>
		<key>9CD9F7F0196EA7D400EBBD85</key>
		<dict>
			<key>children</key>
			<array>
				<string>9CD9F7F1196EA7D400EBBD85</string>
				<string>9CD9F7F2196EA7D400EBBD85</string>
			</array>
			<key>isa</key>
			<string>PBXGroup</string>
			<key>path</key>
			<string>SegementedController</string>
			<key>sourceTree</key>
			<string>&lt;group&gt;</string>
		</dict>
		<key>9CD9F7F1196EA7D400EBBD85</key>
		<dict>
			<key>fileEncoding</key>
			<string>4</string>
			<key>isa</key>
			<string>PBXFileReference</string>
			<key>lastKnownFileType</key>
			<string>sourcecode.c.h</string>
			<key>path</key>
			<string>FirstViewController.h</string>
			<key>sourceTree</key>
			<string>&lt;group&gt;</string>
		</dict>
		<key>9CD9F7F2196EA7D400EBBD85</key>
		<dict>
			<key>fileEncoding</key>
			<string>4</string>
			<key>isa</key>
			<string>PBXFileReference</string>
			<key>lastKnownFileType</key>
			<string>sourcecode.c.objc</string>
			<key>path</key>
			<string>FirstViewController.m</string>
			<key>sourceTree</key>
			<string>&lt;group&gt;</string>
		</dict>
		<key>9CD9F7F3196EA7D400EBBD85</key>
		<dict>
			<key>children</key>
			<array>
				<string>9CD9F7F4196EA7D400EBBD85</string>
				<string>9CD9F7F5196EA7D400EBBD85</string>
			</array>
			<key>isa</key>
			<string>PBXGroup</string>
			<key>path</key>
			<string>SplitViewController</string>
			<key>sourceTree</key>
			<string>&lt;group&gt;</string>
		</dict>
		<key>9CD9F7F4196EA7D400EBBD85</key>
		<dict>
			<key>fileEncoding</key>
			<string>4</string>
			<key>isa</key>
			<string>PBXFileReference</string>
			<key>lastKnownFileType</key>
			<string>sourcecode.c.h</string>
			<key>path</key>
			<string>CustomSplitController.h</string>
			<key>sourceTree</key>
			<string>&lt;group&gt;</string>
		</dict>
		<key>9CD9F7F5196EA7D400EBBD85</key>
		<dict>
			<key>fileEncoding</key>
			<string>4</string>
			<key>isa</key>
			<string>PBXFileReference</string>
			<key>lastKnownFileType</key>
			<string>sourcecode.c.objc</string>
			<key>path</key>
			<string>CustomSplitController.m</string>
			<key>sourceTree</key>
			<string>&lt;group&gt;</string>
		</dict>
		<key>9CD9F7F6196EA7D400EBBD85</key>
		<dict>
			<key>fileEncoding</key>
			<string>4</string>
			<key>isa</key>
			<string>PBXFileReference</string>
			<key>lastKnownFileType</key>
			<string>sourcecode.c.h</string>
			<key>path</key>
			<string>TestViewController.h</string>
			<key>sourceTree</key>
			<string>&lt;group&gt;</string>
		</dict>
		<key>9CD9F7F7196EA7D400EBBD85</key>
		<dict>
			<key>fileEncoding</key>
			<string>4</string>
			<key>isa</key>
			<string>PBXFileReference</string>
			<key>lastKnownFileType</key>
			<string>sourcecode.c.objc</string>
			<key>path</key>
			<string>TestViewController.m</string>
			<key>sourceTree</key>
			<string>&lt;group&gt;</string>
		</dict>
		<key>9CD9F7F8196EA7D400EBBD85</key>
		<dict>
			<key>fileRef</key>
			<string>9CD9F7D4196EA7D400EBBD85</string>
			<key>isa</key>
			<string>PBXBuildFile</string>
		</dict>
		<key>9CD9F7FB196EA7D400EBBD85</key>
		<dict>
			<key>fileRef</key>
			<string>9CD9F7DD196EA7D400EBBD85</string>
			<key>isa</key>
			<string>PBXBuildFile</string>
		</dict>
		<key>9CD9F7FC196EA7D400EBBD85</key>
		<dict>
			<key>fileRef</key>
			<string>9CD9F7DF196EA7D400EBBD85</string>
			<key>isa</key>
			<string>PBXBuildFile</string>
		</dict>
		<key>9CD9F7FD196EA7D400EBBD85</key>
		<dict>
			<key>fileRef</key>
			<string>9CD9F7E1196EA7D400EBBD85</string>
			<key>isa</key>
			<string>PBXBuildFile</string>
		</dict>
		<key>9CD9F7FE196EA7D400EBBD85</key>
		<dict>
			<key>fileRef</key>
			<string>9CD9F7E2196EA7D400EBBD85</string>
			<key>isa</key>
			<string>PBXBuildFile</string>
		</dict>
		<key>9CD9F7FF196EA7D400EBBD85</key>
		<dict>
			<key>fileRef</key>
			<string>9CD9F7E4196EA7D400EBBD85</string>
			<key>isa</key>
			<string>PBXBuildFile</string>
		</dict>
		<key>9CD9F800196EA7D400EBBD85</key>
		<dict>
			<key>fileRef</key>
			<string>9CD9F7E5196EA7D400EBBD85</string>
			<key>isa</key>
			<string>PBXBuildFile</string>
		</dict>
		<key>9CD9F801196EA7D400EBBD85</key>
		<dict>
			<key>fileRef</key>
			<string>9CD9F7E7196EA7D400EBBD85</string>
			<key>isa</key>
			<string>PBXBuildFile</string>
		</dict>
		<key>9CD9F802196EA7D400EBBD85</key>
		<dict>
			<key>fileRef</key>
			<string>9CD9F7EA196EA7D400EBBD85</string>
			<key>isa</key>
			<string>PBXBuildFile</string>
		</dict>
		<key>9CD9F803196EA7D400EBBD85</key>
		<dict>
			<key>fileRef</key>
			<string>9CD9F7EB196EA7D400EBBD85</string>
			<key>isa</key>
			<string>PBXBuildFile</string>
		</dict>
		<key>9CD9F804196EA7D400EBBD85</key>
		<dict>
			<key>fileRef</key>
			<string>9CD9F7EE196EA7D400EBBD85</string>
			<key>isa</key>
			<string>PBXBuildFile</string>
		</dict>
		<key>9CD9F805196EA7D400EBBD85</key>
		<dict>
			<key>fileRef</key>
			<string>9CD9F7EF196EA7D400EBBD85</string>
			<key>isa</key>
			<string>PBXBuildFile</string>
		</dict>
		<key>9CD9F806196EA7D400EBBD85</key>
		<dict>
			<key>fileRef</key>
			<string>9CD9F7F2196EA7D400EBBD85</string>
			<key>isa</key>
			<string>PBXBuildFile</string>
		</dict>
		<key>9CD9F807196EA7D400EBBD85</key>
		<dict>
			<key>fileRef</key>
			<string>9CD9F7F5196EA7D400EBBD85</string>
			<key>isa</key>
			<string>PBXBuildFile</string>
		</dict>
		<key>9CD9F808196EA7D400EBBD85</key>
		<dict>
			<key>fileRef</key>
			<string>9CD9F7F7196EA7D400EBBD85</string>
			<key>isa</key>
			<string>PBXBuildFile</string>
		</dict>
		<key>9CD9F80A196EA88000EBBD85</key>
		<dict>
			<key>isa</key>
			<string>PBXFileReference</string>
			<key>lastKnownFileType</key>
			<string>text</string>
			<key>path</key>
			<string>Podfile</string>
			<key>sourceTree</key>
			<string>&lt;group&gt;</string>
			<key>xcLanguageSpecificationIdentifier</key>
			<string>xcode.lang.ruby</string>
		</dict>
		<key>9CD9F80B196EAA5500EBBD85</key>
		<dict>
			<key>children</key>
			<array>
				<string>9CEF22751A9F6B77009CF266</string>
				<string>9C75FC0E19CB3F7B004FA3C9</string>
				<string>9CD9F80F196EAA5500EBBD85</string>
				<string>9CD9F80C196EAA5500EBBD85</string>
				<string>9CD9F80E196EAA5500EBBD85</string>
				<string>9CD9F810196EAA5500EBBD85</string>
				<string>9C06AD391ACBFD3E00B72F6C</string>
			</array>
			<key>isa</key>
			<string>PBXGroup</string>
			<key>path</key>
			<string>Resources</string>
			<key>sourceTree</key>
			<string>&lt;group&gt;</string>
		</dict>
		<key>9CD9F80C196EAA5500EBBD85</key>
		<dict>
			<key>children</key>
			<array>
				<string>9CD9F80D196EAA5500EBBD85</string>
				<string>9C3297AC1A9DECFE00AFFBEA</string>
			</array>
			<key>isa</key>
			<string>PBXVariantGroup</string>
			<key>name</key>
			<string>InfoPlist.strings</string>
			<key>sourceTree</key>
			<string>&lt;group&gt;</string>
		</dict>
		<key>9CD9F80D196EAA5500EBBD85</key>
		<dict>
			<key>isa</key>
			<string>PBXFileReference</string>
			<key>lastKnownFileType</key>
			<string>text.plist.strings</string>
			<key>name</key>
			<string>en</string>
			<key>path</key>
			<string>en.lproj/InfoPlist.strings</string>
			<key>sourceTree</key>
			<string>&lt;group&gt;</string>
		</dict>
		<key>9CD9F80E196EAA5500EBBD85</key>
		<dict>
			<key>isa</key>
			<string>PBXFileReference</string>
			<key>lastKnownFileType</key>
			<string>folder.assetcatalog</string>
			<key>path</key>
			<string>Images.xcassets</string>
			<key>sourceTree</key>
			<string>&lt;group&gt;</string>
		</dict>
		<key>9CD9F80F196EAA5500EBBD85</key>
		<dict>
			<key>isa</key>
			<string>PBXFileReference</string>
			<key>lastKnownFileType</key>
			<string>image.png</string>
			<key>path</key>
			<string>placeholder.png</string>
			<key>sourceTree</key>
			<string>&lt;group&gt;</string>
		</dict>
		<key>9CD9F810196EAA5500EBBD85</key>
		<dict>
			<key>isa</key>
			<string>PBXFileReference</string>
			<key>lastKnownFileType</key>
			<string>folder.assetcatalog</string>
			<key>path</key>
			<string>segmented.xcassets</string>
			<key>sourceTree</key>
			<string>&lt;group&gt;</string>
		</dict>
		<key>9CD9F811196EAA5500EBBD85</key>
		<dict>
			<key>fileRef</key>
			<string>9CD9F80C196EAA5500EBBD85</string>
			<key>isa</key>
			<string>PBXBuildFile</string>
		</dict>
		<key>9CD9F812196EAA5500EBBD85</key>
		<dict>
			<key>fileRef</key>
			<string>9CD9F80E196EAA5500EBBD85</string>
			<key>isa</key>
			<string>PBXBuildFile</string>
		</dict>
		<key>9CD9F813196EAA5500EBBD85</key>
		<dict>
			<key>fileRef</key>
			<string>9CD9F80F196EAA5500EBBD85</string>
			<key>isa</key>
			<string>PBXBuildFile</string>
		</dict>
		<key>9CD9F814196EAA5500EBBD85</key>
		<dict>
			<key>fileRef</key>
			<string>9CD9F810196EAA5500EBBD85</string>
			<key>isa</key>
			<string>PBXBuildFile</string>
		</dict>
		<key>9CEF22751A9F6B77009CF266</key>
		<dict>
			<key>isa</key>
			<string>PBXFileReference</string>
			<key>lastKnownFileType</key>
			<string>image.png</string>
			<key>path</key>
			<string>WeCanDoIt.png</string>
			<key>sourceTree</key>
			<string>&lt;group&gt;</string>
		</dict>
		<key>9CEF22761A9F6B77009CF266</key>
		<dict>
			<key>fileRef</key>
			<string>9CEF22751A9F6B77009CF266</string>
			<key>isa</key>
			<string>PBXBuildFile</string>
		</dict>
		<key>9CFCFD8A1A8E501900B847D2</key>
		<dict>
			<key>fileEncoding</key>
			<string>4</string>
			<key>isa</key>
			<string>PBXFileReference</string>
			<key>lastKnownFileType</key>
			<string>sourcecode.c.h</string>
			<key>path</key>
			<string>CommonLoadingViewController.h</string>
			<key>sourceTree</key>
			<string>&lt;group&gt;</string>
		</dict>
		<key>9CFCFD8B1A8E501900B847D2</key>
		<dict>
			<key>fileEncoding</key>
			<string>4</string>
			<key>isa</key>
			<string>PBXFileReference</string>
			<key>lastKnownFileType</key>
			<string>sourcecode.c.objc</string>
			<key>path</key>
			<string>CommonLoadingViewController.m</string>
			<key>sourceTree</key>
			<string>&lt;group&gt;</string>
		</dict>
		<key>9CFCFD8D1A8E501900B847D2</key>
		<dict>
			<key>fileRef</key>
			<string>9CFCFD8B1A8E501900B847D2</string>
			<key>isa</key>
			<string>PBXBuildFile</string>
		</dict>
		<key>D39560146128DD30EB7B6AA9</key>
		<dict>
			<key>includeInIndex</key>
			<string>1</string>
			<key>isa</key>
			<string>PBXFileReference</string>
			<key>lastKnownFileType</key>
			<string>text.xcconfig</string>
			<key>name</key>
			<string>Pods-CommonUtilsTest.debug.xcconfig</string>
			<key>path</key>
			<string>Pods/Target Support Files/Pods-CommonUtilsTest/Pods-CommonUtilsTest.debug.xcconfig</string>
			<key>sourceTree</key>
			<string>&lt;group&gt;</string>
		</dict>
	</dict>
	<key>rootObject</key>
	<string>9CD9F78F196EA78500EBBD85</string>
</dict>
</plist>
